// !$*UTF8*$!
{
	archiveVersion = 1;
	classes = {
	};
	objectVersion = 48;
	objects = {

/* Begin PBXBuildFile section */
		2E74511CE6F7C901E3E25689 /* Pods_Golos.framework in Frameworks */ = {isa = PBXBuildFile; fileRef = CAA1E32F181BB1BB221B985A /* Pods_Golos.framework */; };
		7D1783DD201FD9B600B75979 /* ArticlePostedInTableViewCell.swift in Sources */ = {isa = PBXBuildFile; fileRef = 7D1783DB201FD9B600B75979 /* ArticlePostedInTableViewCell.swift */; };
		7D1783DE201FD9B600B75979 /* ArticlePostedInTableViewCell.xib in Resources */ = {isa = PBXBuildFile; fileRef = 7D1783DC201FD9B600B75979 /* ArticlePostedInTableViewCell.xib */; };
		7D25B47F201F4714004A3400 /* TagsView.swift in Sources */ = {isa = PBXBuildFile; fileRef = 7D25B47E201F4714004A3400 /* TagsView.swift */; };
		7D25B483201F479B004A3400 /* TagTokenButton.swift in Sources */ = {isa = PBXBuildFile; fileRef = 7D25B482201F479B004A3400 /* TagTokenButton.swift */; };
		7D25B487201F4978004A3400 /* ArticleViewController.swift in Sources */ = {isa = PBXBuildFile; fileRef = 7D25B485201F4978004A3400 /* ArticleViewController.swift */; };
		7D25B488201F4978004A3400 /* ArticleViewController.xib in Resources */ = {isa = PBXBuildFile; fileRef = 7D25B486201F4978004A3400 /* ArticleViewController.xib */; };
		7D25B48C201F5700004A3400 /* TagCollectionViewCell.swift in Sources */ = {isa = PBXBuildFile; fileRef = 7D25B48A201F5700004A3400 /* TagCollectionViewCell.swift */; };
		7D25B48D201F5700004A3400 /* TagCollectionViewCell.xib in Resources */ = {isa = PBXBuildFile; fileRef = 7D25B48B201F5700004A3400 /* TagCollectionViewCell.xib */; };
		7D25B48F201F5E88004A3400 /* CollectionViewCenteredLayout.swift in Sources */ = {isa = PBXBuildFile; fileRef = 7D25B48E201F5E88004A3400 /* CollectionViewCenteredLayout.swift */; };
		7D25B4B5201F9218004A3400 /* GSNavigationBar.swift in Sources */ = {isa = PBXBuildFile; fileRef = 7D25B4B4201F9218004A3400 /* GSNavigationBar.swift */; };
		7D25B4B8201F980A004A3400 /* ArticleHeaderView.swift in Sources */ = {isa = PBXBuildFile; fileRef = 7D25B4B7201F980A004A3400 /* ArticleHeaderView.swift */; };
		7D25B4BA201F9821004A3400 /* ArticleHeaderView.xib in Resources */ = {isa = PBXBuildFile; fileRef = 7D25B4B9201F9821004A3400 /* ArticleHeaderView.xib */; };
		7D25B4BE201FABB2004A3400 /* ArticleTitleTableViewCell.swift in Sources */ = {isa = PBXBuildFile; fileRef = 7D25B4BC201FABB2004A3400 /* ArticleTitleTableViewCell.swift */; };
		7D25B4BF201FABB2004A3400 /* ArticleTitleTableViewCell.xib in Resources */ = {isa = PBXBuildFile; fileRef = 7D25B4BD201FABB2004A3400 /* ArticleTitleTableViewCell.xib */; };
		7D25B4C2201FABBD004A3400 /* ArticleImageTableViewCell.swift in Sources */ = {isa = PBXBuildFile; fileRef = 7D25B4C0201FABBD004A3400 /* ArticleImageTableViewCell.swift */; };
		7D25B4C3201FABBD004A3400 /* ArticleImageTableViewCell.xib in Resources */ = {isa = PBXBuildFile; fileRef = 7D25B4C1201FABBD004A3400 /* ArticleImageTableViewCell.xib */; };
		7D25B4C6201FABCB004A3400 /* ArticleTextTableViewCell.swift in Sources */ = {isa = PBXBuildFile; fileRef = 7D25B4C4201FABCB004A3400 /* ArticleTextTableViewCell.swift */; };
		7D25B4C7201FABCB004A3400 /* ArticleTextTableViewCell.xib in Resources */ = {isa = PBXBuildFile; fileRef = 7D25B4C5201FABCB004A3400 /* ArticleTextTableViewCell.xib */; };
		7D25B4CA201FABD8004A3400 /* ArticleFooterTableViewCell.swift in Sources */ = {isa = PBXBuildFile; fileRef = 7D25B4C8201FABD8004A3400 /* ArticleFooterTableViewCell.swift */; };
		7D25B4CB201FABD8004A3400 /* ArticleFooterTableViewCell.xib in Resources */ = {isa = PBXBuildFile; fileRef = 7D25B4C9201FABD8004A3400 /* ArticleFooterTableViewCell.xib */; };
		7D25B4CD201FAE93004A3400 /* ArticleMediator.swift in Sources */ = {isa = PBXBuildFile; fileRef = 7D25B4CC201FAE93004A3400 /* ArticleMediator.swift */; };
		7D79C33A2034675C00794447 /* AnswersFeedViewController.swift in Sources */ = {isa = PBXBuildFile; fileRef = 7D79C3382034675C00794447 /* AnswersFeedViewController.swift */; };
		7D79C33B2034675C00794447 /* AnswersFeedViewController.xib in Resources */ = {isa = PBXBuildFile; fileRef = 7D79C3392034675C00794447 /* AnswersFeedViewController.xib */; };
		7D79C33D203467B600794447 /* AnswersFeedPresenter.swift in Sources */ = {isa = PBXBuildFile; fileRef = 7D79C33C203467B600794447 /* AnswersFeedPresenter.swift */; };
		7D79C33F203467C000794447 /* AnswersFeedMediator.swift in Sources */ = {isa = PBXBuildFile; fileRef = 7D79C33E203467C000794447 /* AnswersFeedMediator.swift */; };
		7D79C341203467D500794447 /* AnswersFeedViewModel.swift in Sources */ = {isa = PBXBuildFile; fileRef = 7D79C340203467D500794447 /* AnswersFeedViewModel.swift */; };
		7D79C3452034685900794447 /* AnswersFeedTableViewCell.swift in Sources */ = {isa = PBXBuildFile; fileRef = 7D79C3432034685900794447 /* AnswersFeedTableViewCell.swift */; };
		7D79C3462034685900794447 /* AnswersFeedTableViewCell.xib in Resources */ = {isa = PBXBuildFile; fileRef = 7D79C3442034685900794447 /* AnswersFeedTableViewCell.xib */; };
		7D79C3482034686B00794447 /* ReusableCell.swift in Sources */ = {isa = PBXBuildFile; fileRef = 7D79C3472034686B00794447 /* ReusableCell.swift */; };
		7D79C34A20346B5500794447 /* AnswerType.swift in Sources */ = {isa = PBXBuildFile; fileRef = 7D79C34920346B5500794447 /* AnswerType.swift */; };
		7D79C34C20347DCE00794447 /* AnswersFeedViewController+ProfileFeedContainerItem.swift in Sources */ = {isa = PBXBuildFile; fileRef = 7D79C34B20347DCE00794447 /* AnswersFeedViewController+ProfileFeedContainerItem.swift */; };
		7D79C34F2034F29900794447 /* WebSocketManager.swift in Sources */ = {isa = PBXBuildFile; fileRef = 7D79C34E2034F29900794447 /* WebSocketManager.swift */; };
		7D7D564220367F8B003E06A6 /* PostParser.swift in Sources */ = {isa = PBXBuildFile; fileRef = 7D7D564120367F8B003E06A6 /* PostParser.swift */; };
		7D7D564420368028003E06A6 /* PostItem.swift in Sources */ = {isa = PBXBuildFile; fileRef = 7D7D564320368028003E06A6 /* PostItem.swift */; };
		7D911D142035CCAE00F19D3C /* WebSocketMethod.swift in Sources */ = {isa = PBXBuildFile; fileRef = 7D911D132035CCAE00F19D3C /* WebSocketMethod.swift */; };
		7D911D182035DDD300F19D3C /* WebSocketResponse.swift in Sources */ = {isa = PBXBuildFile; fileRef = 7D911D172035DDD300F19D3C /* WebSocketResponse.swift */; };
		7D911D1A2035DE5D00F19D3C /* String+Dictionary.swift in Sources */ = {isa = PBXBuildFile; fileRef = 7D911D192035DE5D00F19D3C /* String+Dictionary.swift */; };
		7D911D1D2035ED0200F19D3C /* PostsFeedManager.swift in Sources */ = {isa = PBXBuildFile; fileRef = 7D911D1C2035ED0200F19D3C /* PostsFeedManager.swift */; };
		7D911D202035F0A600F19D3C /* PostModel.swift in Sources */ = {isa = PBXBuildFile; fileRef = 7D911D1F2035F0A600F19D3C /* PostModel.swift */; };
		7D911D222035F5AA00F19D3C /* PostReplyModel.swift in Sources */ = {isa = PBXBuildFile; fileRef = 7D911D212035F5AA00F19D3C /* PostReplyModel.swift */; };
		7D911D242035F5C900F19D3C /* PostVoteModel.swift in Sources */ = {isa = PBXBuildFile; fileRef = 7D911D232035F5C900F19D3C /* PostVoteModel.swift */; };
		7D911D262035F6EA00F19D3C /* DisplayedUser.swift in Sources */ = {isa = PBXBuildFile; fileRef = 7D911D252035F6EA00F19D3C /* DisplayedUser.swift */; };
		7D95CFA5203A119B00C1AE0A /* GSImageLoader.swift in Sources */ = {isa = PBXBuildFile; fileRef = 7D95CFA2203A119B00C1AE0A /* GSImageLoader.swift */; };
		7D95CFA6203A119B00C1AE0A /* GSImageLoadOperation.swift in Sources */ = {isa = PBXBuildFile; fileRef = 7D95CFA3203A119B00C1AE0A /* GSImageLoadOperation.swift */; };
		7D95CFA7203A119B00C1AE0A /* GSOperation.swift in Sources */ = {isa = PBXBuildFile; fileRef = 7D95CFA4203A119B00C1AE0A /* GSOperation.swift */; };
		7D95CFAA203A53E500C1AE0A /* UserManager.swift in Sources */ = {isa = PBXBuildFile; fileRef = 7D95CFA9203A53E500C1AE0A /* UserManager.swift */; };
		7DA063222032513A00B5630C /* ProfileFeedContainerController.swift in Sources */ = {isa = PBXBuildFile; fileRef = 7DA063212032513A00B5630C /* ProfileFeedContainerController.swift */; };
		7DA063242032517D00B5630C /* ProfileFeedContainerItem.swift in Sources */ = {isa = PBXBuildFile; fileRef = 7DA063232032517D00B5630C /* ProfileFeedContainerItem.swift */; };
		7DA06328203256D700B5630C /* PropertyStoring.swift in Sources */ = {isa = PBXBuildFile; fileRef = 7DA06327203256D700B5630C /* PropertyStoring.swift */; };
		7DA0632A2032583F00B5630C /* PostsFeedViewController+ProfileFeedContainerItem.swift in Sources */ = {isa = PBXBuildFile; fileRef = 7DA063292032583F00B5630C /* PostsFeedViewController+ProfileFeedContainerItem.swift */; };
		7DA0632C203315A300B5630C /* PassthroughView.swift in Sources */ = {isa = PBXBuildFile; fileRef = 7DA0632B203315A300B5630C /* PassthroughView.swift */; };
		7DCF74A2201FE1C700D46495 /* ArticleCommentsSectionHeader.swift in Sources */ = {isa = PBXBuildFile; fileRef = 7DCF74A1201FE1C700D46495 /* ArticleCommentsSectionHeader.swift */; };
		7DCF74A4201FE1E400D46495 /* ArticleCommentsSectionHeader.xib in Resources */ = {isa = PBXBuildFile; fileRef = 7DCF74A3201FE1E400D46495 /* ArticleCommentsSectionHeader.xib */; };
		7DCF74A720200AA700D46495 /* ArticleCommentTableViewCell.swift in Sources */ = {isa = PBXBuildFile; fileRef = 7DCF74A520200AA700D46495 /* ArticleCommentTableViewCell.swift */; };
		7DCF74A820200AA700D46495 /* ArticleCommentTableViewCell.xib in Resources */ = {isa = PBXBuildFile; fileRef = 7DCF74A620200AA700D46495 /* ArticleCommentTableViewCell.xib */; };
		7DE353172048A84C00C04CB2 /* ProfileViewModel.swift in Sources */ = {isa = PBXBuildFile; fileRef = 7DE353162048A84C00C04CB2 /* ProfileViewModel.swift */; };
		7DE3531B2048CA3400C04CB2 /* LoginHelpViewController.swift in Sources */ = {isa = PBXBuildFile; fileRef = 7DE353192048CA3400C04CB2 /* LoginHelpViewController.swift */; };
		7DE3531C2048CA3400C04CB2 /* LoginHelpViewController.xib in Resources */ = {isa = PBXBuildFile; fileRef = 7DE3531A2048CA3400C04CB2 /* LoginHelpViewController.xib */; };
		7DF16A72201D6043000F5529 /* ProfileMediator.swift in Sources */ = {isa = PBXBuildFile; fileRef = 7DF16A71201D6043000F5529 /* ProfileMediator.swift */; };
		7DFA6CAD2036D76000F59494 /* PostsFeedImageTableViewCell.swift in Sources */ = {isa = PBXBuildFile; fileRef = 7DFA6CAB2036D76000F59494 /* PostsFeedImageTableViewCell.swift */; };
		7DFA6CAE2036D76000F59494 /* PostsFeedImageTableViewCell.xib in Resources */ = {isa = PBXBuildFile; fileRef = 7DFA6CAC2036D76000F59494 /* PostsFeedImageTableViewCell.xib */; };
		7DFA6CB12036D76B00F59494 /* PostsFeedTextTableViewCell.swift in Sources */ = {isa = PBXBuildFile; fileRef = 7DFA6CAF2036D76B00F59494 /* PostsFeedTextTableViewCell.swift */; };
		7DFA6CB22036D76B00F59494 /* PostsFeedTextTableViewCell.xib in Resources */ = {isa = PBXBuildFile; fileRef = 7DFA6CB02036D76B00F59494 /* PostsFeedTextTableViewCell.xib */; };
		7DFE7C44204639390057F144 /* ReplyManager.swift in Sources */ = {isa = PBXBuildFile; fileRef = 7DFE7C43204639390057F144 /* ReplyManager.swift */; };
		7DFE7C462046395B0057F144 /* ReplyRequestType.swift in Sources */ = {isa = PBXBuildFile; fileRef = 7DFE7C452046395B0057F144 /* ReplyRequestType.swift */; };
		7DFE7C4920464C1E0057F144 /* PostsManager.swift in Sources */ = {isa = PBXBuildFile; fileRef = 7DFE7C4820464C1E0057F144 /* PostsManager.swift */; };
		7DFE7C4B20464C680057F144 /* PostRequestType.swift in Sources */ = {isa = PBXBuildFile; fileRef = 7DFE7C4A20464C680057F144 /* PostRequestType.swift */; };
		B18DB44E2085D22A00BA5D50 /* Localizable.strings in Resources */ = {isa = PBXBuildFile; fileRef = B18DB4502085D22A00BA5D50 /* Localizable.strings */; };
		B18DB4532085DB8F00BA5D50 /* ErrorAPI.swift in Sources */ = {isa = PBXBuildFile; fileRef = B18DB4522085DB8F00BA5D50 /* ErrorAPI.swift */; };
		B18DB455208619A000BA5D50 /* DisplayedPost.swift in Sources */ = {isa = PBXBuildFile; fileRef = B18DB454208619A000BA5D50 /* DisplayedPost.swift */; };
		B199DF92207F48870022C5FA /* GolosBlockchainManager.swift in Sources */ = {isa = PBXBuildFile; fileRef = B199DF91207F48870022C5FA /* GolosBlockchainManager.swift */; };
		B199DF95207F49230022C5FA /* MethodAPI.swift in Sources */ = {isa = PBXBuildFile; fileRef = B199DF94207F49230022C5FA /* MethodAPI.swift */; };
		B199DF97207F8A420022C5FA /* RequestAPI.swift in Sources */ = {isa = PBXBuildFile; fileRef = B199DF96207F8A420022C5FA /* RequestAPI.swift */; };
		B1D33FC22080E12600655759 /* ResponseAPI.swift in Sources */ = {isa = PBXBuildFile; fileRef = B1D33FC12080E12600655759 /* ResponseAPI.swift */; };
		B1E0CE11207A465900261EA7 /* Logger.swift in Sources */ = {isa = PBXBuildFile; fileRef = B1E0CE10207A465900261EA7 /* Logger.swift */; };
		EC07F4A22014093E00560CF0 /* HorizontalSelectorView.swift in Sources */ = {isa = PBXBuildFile; fileRef = EC07F4A12014093E00560CF0 /* HorizontalSelectorView.swift */; };
		EC07F4A620141E8D00560CF0 /* PostsFeedType.swift in Sources */ = {isa = PBXBuildFile; fileRef = EC07F4A520141E8D00560CF0 /* PostsFeedType.swift */; };
		EC07F4A820141F0200560CF0 /* FeedMediator.swift in Sources */ = {isa = PBXBuildFile; fileRef = EC07F4A720141F0200560CF0 /* FeedMediator.swift */; };
		EC07F4AA20141F0C00560CF0 /* FeedPresenter.swift in Sources */ = {isa = PBXBuildFile; fileRef = EC07F4A920141F0C00560CF0 /* FeedPresenter.swift */; };
		EC07F4B12014404200560CF0 /* PostsFeedViewController.swift in Sources */ = {isa = PBXBuildFile; fileRef = EC07F4AF2014404200560CF0 /* PostsFeedViewController.swift */; };
		EC07F4B22014404200560CF0 /* PostsFeedViewController.xib in Resources */ = {isa = PBXBuildFile; fileRef = EC07F4B02014404200560CF0 /* PostsFeedViewController.xib */; };
		EC1DFB8F20063C400080BC50 /* AppDelegate.swift in Sources */ = {isa = PBXBuildFile; fileRef = EC1DFB8E20063C400080BC50 /* AppDelegate.swift */; };
		EC1DFB9620063C400080BC50 /* Assets.xcassets in Resources */ = {isa = PBXBuildFile; fileRef = EC1DFB9520063C400080BC50 /* Assets.xcassets */; };
		EC1DFB9920063C400080BC50 /* LaunchScreen.storyboard in Resources */ = {isa = PBXBuildFile; fileRef = EC1DFB9720063C400080BC50 /* LaunchScreen.storyboard */; };
		EC24FF20200BC69400A0AE15 /* LoginPresenter.swift in Sources */ = {isa = PBXBuildFile; fileRef = EC24FF1F200BC69400A0AE15 /* LoginPresenter.swift */; };
		EC24FF22200BC69B00A0AE15 /* LoginType.swift in Sources */ = {isa = PBXBuildFile; fileRef = EC24FF21200BC69B00A0AE15 /* LoginType.swift */; };
		EC24FF24200BC72F00A0AE15 /* LoginUIStrings.swift in Sources */ = {isa = PBXBuildFile; fileRef = EC24FF23200BC72F00A0AE15 /* LoginUIStrings.swift */; };
		EC24FF28200BEBE600A0AE15 /* ViewProtocol.swift in Sources */ = {isa = PBXBuildFile; fileRef = EC24FF27200BEBE600A0AE15 /* ViewProtocol.swift */; };
		EC24FF2B200BFAA100A0AE15 /* Validator.swift in Sources */ = {isa = PBXBuildFile; fileRef = EC24FF2A200BFAA100A0AE15 /* Validator.swift */; };
		EC24FF4D200C03E100A0AE15 /* ValidatorTests.swift in Sources */ = {isa = PBXBuildFile; fileRef = EC24FF4C200C03E100A0AE15 /* ValidatorTests.swift */; };
		EC24FF50200C065F00A0AE15 /* AppState.swift in Sources */ = {isa = PBXBuildFile; fileRef = EC24FF4F200C065F00A0AE15 /* AppState.swift */; };
		EC24FF52200C06E300A0AE15 /* StateMachine.swift in Sources */ = {isa = PBXBuildFile; fileRef = EC24FF51200C06E300A0AE15 /* StateMachine.swift */; };
		EC24FF54200C080300A0AE15 /* Notifications.swift in Sources */ = {isa = PBXBuildFile; fileRef = EC24FF53200C080300A0AE15 /* Notifications.swift */; };
		EC24FF56200C0C1900A0AE15 /* StateMachineTests.swift in Sources */ = {isa = PBXBuildFile; fileRef = EC24FF55200C0C1900A0AE15 /* StateMachineTests.swift */; };
		EC24FF59200C30B800A0AE15 /* MainContainerViewController.swift in Sources */ = {isa = PBXBuildFile; fileRef = EC24FF58200C30B800A0AE15 /* MainContainerViewController.swift */; };
		EC24FF5B200C30C500A0AE15 /* MainContainerPresenter.swift in Sources */ = {isa = PBXBuildFile; fileRef = EC24FF5A200C30C500A0AE15 /* MainContainerPresenter.swift */; };
		EC24FF5D200C30CF00A0AE15 /* MainContainerMediator.swift in Sources */ = {isa = PBXBuildFile; fileRef = EC24FF5C200C30CF00A0AE15 /* MainContainerMediator.swift */; };
		EC24FF6C200C400300A0AE15 /* GSTabBarController.swift in Sources */ = {isa = PBXBuildFile; fileRef = EC24FF6B200C400300A0AE15 /* GSTabBarController.swift */; };
		EC24FF70200C433700A0AE15 /* ProfileViewController.swift in Sources */ = {isa = PBXBuildFile; fileRef = EC24FF6E200C433700A0AE15 /* ProfileViewController.swift */; };
		EC24FF71200C433700A0AE15 /* ProfileViewController.xib in Resources */ = {isa = PBXBuildFile; fileRef = EC24FF6F200C433700A0AE15 /* ProfileViewController.xib */; };
		EC24FF74200C43B500A0AE15 /* ProfilePresenter.swift in Sources */ = {isa = PBXBuildFile; fileRef = EC24FF73200C43B500A0AE15 /* ProfilePresenter.swift */; };
		EC24FF79200C497800A0AE15 /* FeedViewController.swift in Sources */ = {isa = PBXBuildFile; fileRef = EC24FF77200C497800A0AE15 /* FeedViewController.swift */; };
		EC24FF7A200C497800A0AE15 /* FeedViewController.xib in Resources */ = {isa = PBXBuildFile; fileRef = EC24FF78200C497800A0AE15 /* FeedViewController.xib */; };
		EC24FF7D200C4DE300A0AE15 /* NavigationDropDownView.swift in Sources */ = {isa = PBXBuildFile; fileRef = EC24FF7C200C4DE300A0AE15 /* NavigationDropDownView.swift */; };
		EC24FF7F200C4E2C00A0AE15 /* NavigationDropDownView.xib in Resources */ = {isa = PBXBuildFile; fileRef = EC24FF7E200C4E2C00A0AE15 /* NavigationDropDownView.xib */; };
		EC24FF82200C625800A0AE15 /* DropDownViewController.swift in Sources */ = {isa = PBXBuildFile; fileRef = EC24FF81200C625800A0AE15 /* DropDownViewController.swift */; };
		EC24FF84200C635600A0AE15 /* DropDownMediator.swift in Sources */ = {isa = PBXBuildFile; fileRef = EC24FF83200C635600A0AE15 /* DropDownMediator.swift */; };
		EC5B2BFD201A443C007A4335 /* String+Size.swift in Sources */ = {isa = PBXBuildFile; fileRef = EC5B2BFC201A443C007A4335 /* String+Size.swift */; };
		EC6FD59E200AD53100DCB824 /* ViewController+BackButton.swift in Sources */ = {isa = PBXBuildFile; fileRef = EC6FD59D200AD53100DCB824 /* ViewController+BackButton.swift */; };
		EC6FD5A2200AE1A200DCB824 /* QRScannerViewController.swift in Sources */ = {isa = PBXBuildFile; fileRef = EC6FD5A0200AE1A200DCB824 /* QRScannerViewController.swift */; };
		EC6FD5A3200AE1A200DCB824 /* QRScannerViewController.xib in Resources */ = {isa = PBXBuildFile; fileRef = EC6FD5A1200AE1A200DCB824 /* QRScannerViewController.xib */; };
		EC9ABBBF20179CEF00AF8597 /* Images.swift in Sources */ = {isa = PBXBuildFile; fileRef = EC9ABBBE20179CEF00AF8597 /* Images.swift */; };
		EC9ABBC32017D17000AF8597 /* UIImageEffects.swift in Sources */ = {isa = PBXBuildFile; fileRef = EC9ABBC22017D17000AF8597 /* UIImageEffects.swift */; };
		EC9ABBC62017D55800AF8597 /* ProfileHeaderView.swift in Sources */ = {isa = PBXBuildFile; fileRef = EC9ABBC52017D55800AF8597 /* ProfileHeaderView.swift */; };
		EC9ABBC82017D56800AF8597 /* ProfileHeaderView.xib in Resources */ = {isa = PBXBuildFile; fileRef = EC9ABBC72017D56800AF8597 /* ProfileHeaderView.xib */; };
		EC9ABBE82018036E00AF8597 /* Device+Size.swift in Sources */ = {isa = PBXBuildFile; fileRef = EC9ABBE72018036E00AF8597 /* Device+Size.swift */; };
		EC9ABBEA2018072600AF8597 /* GSTableView.swift in Sources */ = {isa = PBXBuildFile; fileRef = EC9ABBE92018072600AF8597 /* GSTableView.swift */; };
		EC9B2AE020154B62008335C8 /* PostsFeedPresenter.swift in Sources */ = {isa = PBXBuildFile; fileRef = EC9B2ADF20154B62008335C8 /* PostsFeedPresenter.swift */; };
		EC9B2AE220154DE9008335C8 /* PostsFeedViewModel.swift in Sources */ = {isa = PBXBuildFile; fileRef = EC9B2AE120154DE9008335C8 /* PostsFeedViewModel.swift */; };
		EC9B2AE6201550F4008335C8 /* FeedArticleTableViewCell.swift in Sources */ = {isa = PBXBuildFile; fileRef = EC9B2AE4201550F4008335C8 /* FeedArticleTableViewCell.swift */; };
		EC9B2AE7201550F4008335C8 /* FeedArticleTableViewCell.xib in Resources */ = {isa = PBXBuildFile; fileRef = EC9B2AE5201550F4008335C8 /* FeedArticleTableViewCell.xib */; };
		EC9B2AE920155B9C008335C8 /* PostsFeedMediator.swift in Sources */ = {isa = PBXBuildFile; fileRef = EC9B2AE820155B9C008335C8 /* PostsFeedMediator.swift */; };
		ECA8E3512018A626003B8ABA /* ProfileInfoView.swift in Sources */ = {isa = PBXBuildFile; fileRef = ECA8E3502018A626003B8ABA /* ProfileInfoView.swift */; };
		ECA8E3532018A62E003B8ABA /* ProfileInfoView.xib in Resources */ = {isa = PBXBuildFile; fileRef = ECA8E3522018A62E003B8ABA /* ProfileInfoView.xib */; };
		ECA8E35A2018CA17003B8ABA /* ProfileHorizontalSelectorView.swift in Sources */ = {isa = PBXBuildFile; fileRef = ECA8E3592018CA17003B8ABA /* ProfileHorizontalSelectorView.swift */; };
		ECA8E35C2018CA30003B8ABA /* ProfileHorizontalSelectorView.xib in Resources */ = {isa = PBXBuildFile; fileRef = ECA8E35B2018CA30003B8ABA /* ProfileHorizontalSelectorView.xib */; };
		ECA8E35E2018D119003B8ABA /* UIView+Shadow.swift in Sources */ = {isa = PBXBuildFile; fileRef = ECA8E35D2018D119003B8ABA /* UIView+Shadow.swift */; };
		ECB2C0D32008E55500AF1AF5 /* Colors.swift in Sources */ = {isa = PBXBuildFile; fileRef = ECB2C0D22008E55500AF1AF5 /* Colors.swift */; };
		ECB2C0D52008E56300AF1AF5 /* Constants.swift in Sources */ = {isa = PBXBuildFile; fileRef = ECB2C0D42008E56300AF1AF5 /* Constants.swift */; };
		ECC15FA3200976770099BBC9 /* IntroViewController.swift in Sources */ = {isa = PBXBuildFile; fileRef = ECC15FA1200976770099BBC9 /* IntroViewController.swift */; };
		ECC15FA4200976770099BBC9 /* IntroViewController.xib in Resources */ = {isa = PBXBuildFile; fileRef = ECC15FA2200976770099BBC9 /* IntroViewController.xib */; };
		ECC15FA62009794E0099BBC9 /* Fonts.swift in Sources */ = {isa = PBXBuildFile; fileRef = ECC15FA52009794E0099BBC9 /* Fonts.swift */; };
		ECF28087200A94550000D949 /* ViewController+Nib.swift in Sources */ = {isa = PBXBuildFile; fileRef = ECF28086200A94550000D949 /* ViewController+Nib.swift */; };
		ECF2808C200A9A210000D949 /* UIButton+Intro.swift in Sources */ = {isa = PBXBuildFile; fileRef = ECF2808B200A9A210000D949 /* UIButton+Intro.swift */; };
		ECF31725200A9D2800F7B703 /* UIAlertController+Window.swift in Sources */ = {isa = PBXBuildFile; fileRef = ECF31724200A9D2800F7B703 /* UIAlertController+Window.swift */; };
		ECF31727200A9E0B00F7B703 /* Utils.swift in Sources */ = {isa = PBXBuildFile; fileRef = ECF31726200A9E0B00F7B703 /* Utils.swift */; };
		ECF3172A200AA0B200F7B703 /* IntroPresenter.swift in Sources */ = {isa = PBXBuildFile; fileRef = ECF31729200AA0B200F7B703 /* IntroPresenter.swift */; };
		ECF3172E200AB22E00F7B703 /* LoginViewController.swift in Sources */ = {isa = PBXBuildFile; fileRef = ECF3172C200AB22E00F7B703 /* LoginViewController.swift */; };
		ECF3172F200AB22E00F7B703 /* LoginViewController.xib in Resources */ = {isa = PBXBuildFile; fileRef = ECF3172D200AB22E00F7B703 /* LoginViewController.xib */; };
		ECFF44E8200BC42F00DAF74C /* QRScannerViewControllerDelegate.swift in Sources */ = {isa = PBXBuildFile; fileRef = ECFF44E7200BC42F00DAF74C /* QRScannerViewControllerDelegate.swift */; };
/* End PBXBuildFile section */

/* Begin PBXContainerItemProxy section */
		EC24FF46200C038D00A0AE15 /* PBXContainerItemProxy */ = {
			isa = PBXContainerItemProxy;
			containerPortal = EC1DFB8320063C400080BC50 /* Project object */;
			proxyType = 1;
			remoteGlobalIDString = EC1DFB8A20063C400080BC50;
			remoteInfo = Golos;
		};
/* End PBXContainerItemProxy section */

/* Begin PBXFileReference section */
		7BD44B1209B5C64C3D1EF768 /* Pods-golos-ios.debug.xcconfig */ = {isa = PBXFileReference; includeInIndex = 1; lastKnownFileType = text.xcconfig; name = "Pods-golos-ios.debug.xcconfig"; path = "Pods/Target Support Files/Pods-golos-ios/Pods-golos-ios.debug.xcconfig"; sourceTree = "<group>"; };
		7D1783DB201FD9B600B75979 /* ArticlePostedInTableViewCell.swift */ = {isa = PBXFileReference; lastKnownFileType = sourcecode.swift; path = ArticlePostedInTableViewCell.swift; sourceTree = "<group>"; };
		7D1783DC201FD9B600B75979 /* ArticlePostedInTableViewCell.xib */ = {isa = PBXFileReference; lastKnownFileType = file.xib; path = ArticlePostedInTableViewCell.xib; sourceTree = "<group>"; };
		7D25B47E201F4714004A3400 /* TagsView.swift */ = {isa = PBXFileReference; lastKnownFileType = sourcecode.swift; path = TagsView.swift; sourceTree = "<group>"; };
		7D25B482201F479B004A3400 /* TagTokenButton.swift */ = {isa = PBXFileReference; lastKnownFileType = sourcecode.swift; path = TagTokenButton.swift; sourceTree = "<group>"; };
		7D25B485201F4978004A3400 /* ArticleViewController.swift */ = {isa = PBXFileReference; lastKnownFileType = sourcecode.swift; path = ArticleViewController.swift; sourceTree = "<group>"; };
		7D25B486201F4978004A3400 /* ArticleViewController.xib */ = {isa = PBXFileReference; lastKnownFileType = file.xib; path = ArticleViewController.xib; sourceTree = "<group>"; };
		7D25B48A201F5700004A3400 /* TagCollectionViewCell.swift */ = {isa = PBXFileReference; lastKnownFileType = sourcecode.swift; path = TagCollectionViewCell.swift; sourceTree = "<group>"; };
		7D25B48B201F5700004A3400 /* TagCollectionViewCell.xib */ = {isa = PBXFileReference; lastKnownFileType = file.xib; path = TagCollectionViewCell.xib; sourceTree = "<group>"; };
		7D25B48E201F5E88004A3400 /* CollectionViewCenteredLayout.swift */ = {isa = PBXFileReference; lastKnownFileType = sourcecode.swift; path = CollectionViewCenteredLayout.swift; sourceTree = "<group>"; };
		7D25B4B4201F9218004A3400 /* GSNavigationBar.swift */ = {isa = PBXFileReference; lastKnownFileType = sourcecode.swift; path = GSNavigationBar.swift; sourceTree = "<group>"; };
		7D25B4B7201F980A004A3400 /* ArticleHeaderView.swift */ = {isa = PBXFileReference; lastKnownFileType = sourcecode.swift; path = ArticleHeaderView.swift; sourceTree = "<group>"; };
		7D25B4B9201F9821004A3400 /* ArticleHeaderView.xib */ = {isa = PBXFileReference; lastKnownFileType = file.xib; path = ArticleHeaderView.xib; sourceTree = "<group>"; };
		7D25B4BC201FABB2004A3400 /* ArticleTitleTableViewCell.swift */ = {isa = PBXFileReference; lastKnownFileType = sourcecode.swift; path = ArticleTitleTableViewCell.swift; sourceTree = "<group>"; };
		7D25B4BD201FABB2004A3400 /* ArticleTitleTableViewCell.xib */ = {isa = PBXFileReference; lastKnownFileType = file.xib; path = ArticleTitleTableViewCell.xib; sourceTree = "<group>"; };
		7D25B4C0201FABBD004A3400 /* ArticleImageTableViewCell.swift */ = {isa = PBXFileReference; lastKnownFileType = sourcecode.swift; path = ArticleImageTableViewCell.swift; sourceTree = "<group>"; };
		7D25B4C1201FABBD004A3400 /* ArticleImageTableViewCell.xib */ = {isa = PBXFileReference; lastKnownFileType = file.xib; path = ArticleImageTableViewCell.xib; sourceTree = "<group>"; };
		7D25B4C4201FABCB004A3400 /* ArticleTextTableViewCell.swift */ = {isa = PBXFileReference; lastKnownFileType = sourcecode.swift; path = ArticleTextTableViewCell.swift; sourceTree = "<group>"; };
		7D25B4C5201FABCB004A3400 /* ArticleTextTableViewCell.xib */ = {isa = PBXFileReference; lastKnownFileType = file.xib; path = ArticleTextTableViewCell.xib; sourceTree = "<group>"; };
		7D25B4C8201FABD8004A3400 /* ArticleFooterTableViewCell.swift */ = {isa = PBXFileReference; lastKnownFileType = sourcecode.swift; path = ArticleFooterTableViewCell.swift; sourceTree = "<group>"; };
		7D25B4C9201FABD8004A3400 /* ArticleFooterTableViewCell.xib */ = {isa = PBXFileReference; lastKnownFileType = file.xib; path = ArticleFooterTableViewCell.xib; sourceTree = "<group>"; };
		7D25B4CC201FAE93004A3400 /* ArticleMediator.swift */ = {isa = PBXFileReference; lastKnownFileType = sourcecode.swift; path = ArticleMediator.swift; sourceTree = "<group>"; };
		7D79C3382034675C00794447 /* AnswersFeedViewController.swift */ = {isa = PBXFileReference; lastKnownFileType = sourcecode.swift; path = AnswersFeedViewController.swift; sourceTree = "<group>"; };
		7D79C3392034675C00794447 /* AnswersFeedViewController.xib */ = {isa = PBXFileReference; lastKnownFileType = file.xib; path = AnswersFeedViewController.xib; sourceTree = "<group>"; };
		7D79C33C203467B600794447 /* AnswersFeedPresenter.swift */ = {isa = PBXFileReference; lastKnownFileType = sourcecode.swift; path = AnswersFeedPresenter.swift; sourceTree = "<group>"; };
		7D79C33E203467C000794447 /* AnswersFeedMediator.swift */ = {isa = PBXFileReference; lastKnownFileType = sourcecode.swift; path = AnswersFeedMediator.swift; sourceTree = "<group>"; };
		7D79C340203467D500794447 /* AnswersFeedViewModel.swift */ = {isa = PBXFileReference; lastKnownFileType = sourcecode.swift; path = AnswersFeedViewModel.swift; sourceTree = "<group>"; };
		7D79C3432034685900794447 /* AnswersFeedTableViewCell.swift */ = {isa = PBXFileReference; lastKnownFileType = sourcecode.swift; path = AnswersFeedTableViewCell.swift; sourceTree = "<group>"; };
		7D79C3442034685900794447 /* AnswersFeedTableViewCell.xib */ = {isa = PBXFileReference; lastKnownFileType = file.xib; path = AnswersFeedTableViewCell.xib; sourceTree = "<group>"; };
		7D79C3472034686B00794447 /* ReusableCell.swift */ = {isa = PBXFileReference; lastKnownFileType = sourcecode.swift; path = ReusableCell.swift; sourceTree = "<group>"; };
		7D79C34920346B5500794447 /* AnswerType.swift */ = {isa = PBXFileReference; lastKnownFileType = sourcecode.swift; path = AnswerType.swift; sourceTree = "<group>"; };
		7D79C34B20347DCE00794447 /* AnswersFeedViewController+ProfileFeedContainerItem.swift */ = {isa = PBXFileReference; lastKnownFileType = sourcecode.swift; path = "AnswersFeedViewController+ProfileFeedContainerItem.swift"; sourceTree = "<group>"; };
		7D79C34E2034F29900794447 /* WebSocketManager.swift */ = {isa = PBXFileReference; lastKnownFileType = sourcecode.swift; path = WebSocketManager.swift; sourceTree = "<group>"; };
		7D7D564120367F8B003E06A6 /* PostParser.swift */ = {isa = PBXFileReference; lastKnownFileType = sourcecode.swift; path = PostParser.swift; sourceTree = "<group>"; };
		7D7D564320368028003E06A6 /* PostItem.swift */ = {isa = PBXFileReference; lastKnownFileType = sourcecode.swift; path = PostItem.swift; sourceTree = "<group>"; };
		7D911D132035CCAE00F19D3C /* WebSocketMethod.swift */ = {isa = PBXFileReference; lastKnownFileType = sourcecode.swift; path = WebSocketMethod.swift; sourceTree = "<group>"; };
		7D911D172035DDD300F19D3C /* WebSocketResponse.swift */ = {isa = PBXFileReference; lastKnownFileType = sourcecode.swift; path = WebSocketResponse.swift; sourceTree = "<group>"; };
		7D911D192035DE5D00F19D3C /* String+Dictionary.swift */ = {isa = PBXFileReference; lastKnownFileType = sourcecode.swift; path = "String+Dictionary.swift"; sourceTree = "<group>"; };
		7D911D1C2035ED0200F19D3C /* PostsFeedManager.swift */ = {isa = PBXFileReference; lastKnownFileType = sourcecode.swift; path = PostsFeedManager.swift; sourceTree = "<group>"; };
		7D911D1F2035F0A600F19D3C /* PostModel.swift */ = {isa = PBXFileReference; lastKnownFileType = sourcecode.swift; path = PostModel.swift; sourceTree = "<group>"; };
		7D911D212035F5AA00F19D3C /* PostReplyModel.swift */ = {isa = PBXFileReference; lastKnownFileType = sourcecode.swift; path = PostReplyModel.swift; sourceTree = "<group>"; };
		7D911D232035F5C900F19D3C /* PostVoteModel.swift */ = {isa = PBXFileReference; lastKnownFileType = sourcecode.swift; path = PostVoteModel.swift; sourceTree = "<group>"; };
		7D911D252035F6EA00F19D3C /* DisplayedUser.swift */ = {isa = PBXFileReference; lastKnownFileType = sourcecode.swift; path = DisplayedUser.swift; sourceTree = "<group>"; };
		7D95CFA2203A119B00C1AE0A /* GSImageLoader.swift */ = {isa = PBXFileReference; fileEncoding = 4; lastKnownFileType = sourcecode.swift; path = GSImageLoader.swift; sourceTree = "<group>"; };
		7D95CFA3203A119B00C1AE0A /* GSImageLoadOperation.swift */ = {isa = PBXFileReference; fileEncoding = 4; lastKnownFileType = sourcecode.swift; path = GSImageLoadOperation.swift; sourceTree = "<group>"; };
		7D95CFA4203A119B00C1AE0A /* GSOperation.swift */ = {isa = PBXFileReference; fileEncoding = 4; lastKnownFileType = sourcecode.swift; path = GSOperation.swift; sourceTree = "<group>"; };
		7D95CFA9203A53E500C1AE0A /* UserManager.swift */ = {isa = PBXFileReference; lastKnownFileType = sourcecode.swift; path = UserManager.swift; sourceTree = "<group>"; };
		7DA063212032513A00B5630C /* ProfileFeedContainerController.swift */ = {isa = PBXFileReference; lastKnownFileType = sourcecode.swift; path = ProfileFeedContainerController.swift; sourceTree = "<group>"; };
		7DA063232032517D00B5630C /* ProfileFeedContainerItem.swift */ = {isa = PBXFileReference; lastKnownFileType = sourcecode.swift; path = ProfileFeedContainerItem.swift; sourceTree = "<group>"; };
		7DA06327203256D700B5630C /* PropertyStoring.swift */ = {isa = PBXFileReference; lastKnownFileType = sourcecode.swift; path = PropertyStoring.swift; sourceTree = "<group>"; };
		7DA063292032583F00B5630C /* PostsFeedViewController+ProfileFeedContainerItem.swift */ = {isa = PBXFileReference; lastKnownFileType = sourcecode.swift; path = "PostsFeedViewController+ProfileFeedContainerItem.swift"; sourceTree = "<group>"; };
		7DA0632B203315A300B5630C /* PassthroughView.swift */ = {isa = PBXFileReference; lastKnownFileType = sourcecode.swift; path = PassthroughView.swift; sourceTree = "<group>"; };
		7DCF55D0205883B5002FE7C3 /* Golos-Bridging-Header.h */ = {isa = PBXFileReference; lastKnownFileType = sourcecode.c.h; path = "Golos-Bridging-Header.h"; sourceTree = "<group>"; };
		7DCF74A1201FE1C700D46495 /* ArticleCommentsSectionHeader.swift */ = {isa = PBXFileReference; lastKnownFileType = sourcecode.swift; path = ArticleCommentsSectionHeader.swift; sourceTree = "<group>"; };
		7DCF74A3201FE1E400D46495 /* ArticleCommentsSectionHeader.xib */ = {isa = PBXFileReference; lastKnownFileType = file.xib; path = ArticleCommentsSectionHeader.xib; sourceTree = "<group>"; };
		7DCF74A520200AA700D46495 /* ArticleCommentTableViewCell.swift */ = {isa = PBXFileReference; lastKnownFileType = sourcecode.swift; path = ArticleCommentTableViewCell.swift; sourceTree = "<group>"; };
		7DCF74A620200AA700D46495 /* ArticleCommentTableViewCell.xib */ = {isa = PBXFileReference; lastKnownFileType = file.xib; path = ArticleCommentTableViewCell.xib; sourceTree = "<group>"; };
		7DE353162048A84C00C04CB2 /* ProfileViewModel.swift */ = {isa = PBXFileReference; lastKnownFileType = sourcecode.swift; path = ProfileViewModel.swift; sourceTree = "<group>"; };
		7DE353192048CA3400C04CB2 /* LoginHelpViewController.swift */ = {isa = PBXFileReference; lastKnownFileType = sourcecode.swift; path = LoginHelpViewController.swift; sourceTree = "<group>"; };
		7DE3531A2048CA3400C04CB2 /* LoginHelpViewController.xib */ = {isa = PBXFileReference; lastKnownFileType = file.xib; path = LoginHelpViewController.xib; sourceTree = "<group>"; };
		7DF16A71201D6043000F5529 /* ProfileMediator.swift */ = {isa = PBXFileReference; lastKnownFileType = sourcecode.swift; path = ProfileMediator.swift; sourceTree = "<group>"; };
		7DFA6CAB2036D76000F59494 /* PostsFeedImageTableViewCell.swift */ = {isa = PBXFileReference; lastKnownFileType = sourcecode.swift; path = PostsFeedImageTableViewCell.swift; sourceTree = "<group>"; };
		7DFA6CAC2036D76000F59494 /* PostsFeedImageTableViewCell.xib */ = {isa = PBXFileReference; lastKnownFileType = file.xib; path = PostsFeedImageTableViewCell.xib; sourceTree = "<group>"; };
		7DFA6CAF2036D76B00F59494 /* PostsFeedTextTableViewCell.swift */ = {isa = PBXFileReference; lastKnownFileType = sourcecode.swift; path = PostsFeedTextTableViewCell.swift; sourceTree = "<group>"; };
		7DFA6CB02036D76B00F59494 /* PostsFeedTextTableViewCell.xib */ = {isa = PBXFileReference; lastKnownFileType = file.xib; path = PostsFeedTextTableViewCell.xib; sourceTree = "<group>"; };
		7DFE7C43204639390057F144 /* ReplyManager.swift */ = {isa = PBXFileReference; lastKnownFileType = sourcecode.swift; path = ReplyManager.swift; sourceTree = "<group>"; };
		7DFE7C452046395B0057F144 /* ReplyRequestType.swift */ = {isa = PBXFileReference; lastKnownFileType = sourcecode.swift; path = ReplyRequestType.swift; sourceTree = "<group>"; };
		7DFE7C4820464C1E0057F144 /* PostsManager.swift */ = {isa = PBXFileReference; lastKnownFileType = sourcecode.swift; path = PostsManager.swift; sourceTree = "<group>"; };
		7DFE7C4A20464C680057F144 /* PostRequestType.swift */ = {isa = PBXFileReference; lastKnownFileType = sourcecode.swift; path = PostRequestType.swift; sourceTree = "<group>"; };
		974FDF6AE6B94E5A2BFC2FDE /* Pods-Golos.debug.xcconfig */ = {isa = PBXFileReference; includeInIndex = 1; lastKnownFileType = text.xcconfig; name = "Pods-Golos.debug.xcconfig"; path = "Pods/Target Support Files/Pods-Golos/Pods-Golos.debug.xcconfig"; sourceTree = "<group>"; };
		B18DB44B2085D1DB00BA5D50 /* ru */ = {isa = PBXFileReference; lastKnownFileType = text.plist.strings; name = ru; path = ru.lproj/LaunchScreen.strings; sourceTree = "<group>"; };
		B18DB44F2085D22A00BA5D50 /* en */ = {isa = PBXFileReference; lastKnownFileType = text.plist.strings; name = en; path = en.lproj/Localizable.strings; sourceTree = "<group>"; };
		B18DB4512085D22C00BA5D50 /* ru */ = {isa = PBXFileReference; lastKnownFileType = text.plist.strings; name = ru; path = ru.lproj/Localizable.strings; sourceTree = "<group>"; };
		B18DB4522085DB8F00BA5D50 /* ErrorAPI.swift */ = {isa = PBXFileReference; lastKnownFileType = sourcecode.swift; path = ErrorAPI.swift; sourceTree = "<group>"; };
		B18DB454208619A000BA5D50 /* DisplayedPost.swift */ = {isa = PBXFileReference; lastKnownFileType = sourcecode.swift; path = DisplayedPost.swift; sourceTree = "<group>"; };
		B199DF91207F48870022C5FA /* GolosBlockchainManager.swift */ = {isa = PBXFileReference; lastKnownFileType = sourcecode.swift; path = GolosBlockchainManager.swift; sourceTree = "<group>"; };
		B199DF94207F49230022C5FA /* MethodAPI.swift */ = {isa = PBXFileReference; lastKnownFileType = sourcecode.swift; path = MethodAPI.swift; sourceTree = "<group>"; };
		B199DF96207F8A420022C5FA /* RequestAPI.swift */ = {isa = PBXFileReference; lastKnownFileType = sourcecode.swift; path = RequestAPI.swift; sourceTree = "<group>"; };
		B1D33FC12080E12600655759 /* ResponseAPI.swift */ = {isa = PBXFileReference; lastKnownFileType = sourcecode.swift; path = ResponseAPI.swift; sourceTree = "<group>"; };
		B1E0CE10207A465900261EA7 /* Logger.swift */ = {isa = PBXFileReference; fileEncoding = 4; lastKnownFileType = sourcecode.swift; path = Logger.swift; sourceTree = "<group>"; };
		CAA1E32F181BB1BB221B985A /* Pods_Golos.framework */ = {isa = PBXFileReference; explicitFileType = wrapper.framework; includeInIndex = 0; path = Pods_Golos.framework; sourceTree = BUILT_PRODUCTS_DIR; };
		DECBC36021F31D8D6F619C11 /* Pods-golos-ios.release.xcconfig */ = {isa = PBXFileReference; includeInIndex = 1; lastKnownFileType = text.xcconfig; name = "Pods-golos-ios.release.xcconfig"; path = "Pods/Target Support Files/Pods-golos-ios/Pods-golos-ios.release.xcconfig"; sourceTree = "<group>"; };
		EC07F4A12014093E00560CF0 /* HorizontalSelectorView.swift */ = {isa = PBXFileReference; lastKnownFileType = sourcecode.swift; path = HorizontalSelectorView.swift; sourceTree = "<group>"; };
		EC07F4A520141E8D00560CF0 /* PostsFeedType.swift */ = {isa = PBXFileReference; lastKnownFileType = sourcecode.swift; path = PostsFeedType.swift; sourceTree = "<group>"; };
		EC07F4A720141F0200560CF0 /* FeedMediator.swift */ = {isa = PBXFileReference; lastKnownFileType = sourcecode.swift; path = FeedMediator.swift; sourceTree = "<group>"; };
		EC07F4A920141F0C00560CF0 /* FeedPresenter.swift */ = {isa = PBXFileReference; lastKnownFileType = sourcecode.swift; path = FeedPresenter.swift; sourceTree = "<group>"; };
		EC07F4AF2014404200560CF0 /* PostsFeedViewController.swift */ = {isa = PBXFileReference; lastKnownFileType = sourcecode.swift; path = PostsFeedViewController.swift; sourceTree = "<group>"; };
		EC07F4B02014404200560CF0 /* PostsFeedViewController.xib */ = {isa = PBXFileReference; lastKnownFileType = file.xib; path = PostsFeedViewController.xib; sourceTree = "<group>"; };
		EC1DFB8B20063C400080BC50 /* Golos.app */ = {isa = PBXFileReference; explicitFileType = wrapper.application; includeInIndex = 0; path = Golos.app; sourceTree = BUILT_PRODUCTS_DIR; };
		EC1DFB8E20063C400080BC50 /* AppDelegate.swift */ = {isa = PBXFileReference; lastKnownFileType = sourcecode.swift; path = AppDelegate.swift; sourceTree = "<group>"; };
		EC1DFB9520063C400080BC50 /* Assets.xcassets */ = {isa = PBXFileReference; lastKnownFileType = folder.assetcatalog; path = Assets.xcassets; sourceTree = "<group>"; };
		EC1DFB9820063C400080BC50 /* Base */ = {isa = PBXFileReference; lastKnownFileType = file.storyboard; name = Base; path = Base.lproj/LaunchScreen.storyboard; sourceTree = "<group>"; };
		EC1DFB9A20063C400080BC50 /* Info.plist */ = {isa = PBXFileReference; lastKnownFileType = text.plist.xml; path = Info.plist; sourceTree = "<group>"; };
		EC24FF1F200BC69400A0AE15 /* LoginPresenter.swift */ = {isa = PBXFileReference; lastKnownFileType = sourcecode.swift; path = LoginPresenter.swift; sourceTree = "<group>"; };
		EC24FF21200BC69B00A0AE15 /* LoginType.swift */ = {isa = PBXFileReference; lastKnownFileType = sourcecode.swift; path = LoginType.swift; sourceTree = "<group>"; };
		EC24FF23200BC72F00A0AE15 /* LoginUIStrings.swift */ = {isa = PBXFileReference; lastKnownFileType = sourcecode.swift; path = LoginUIStrings.swift; sourceTree = "<group>"; };
		EC24FF27200BEBE600A0AE15 /* ViewProtocol.swift */ = {isa = PBXFileReference; lastKnownFileType = sourcecode.swift; path = ViewProtocol.swift; sourceTree = "<group>"; };
		EC24FF2A200BFAA100A0AE15 /* Validator.swift */ = {isa = PBXFileReference; lastKnownFileType = sourcecode.swift; path = Validator.swift; sourceTree = "<group>"; };
		EC24FF41200C038D00A0AE15 /* GolosTests.xctest */ = {isa = PBXFileReference; explicitFileType = wrapper.cfbundle; includeInIndex = 0; path = GolosTests.xctest; sourceTree = BUILT_PRODUCTS_DIR; };
		EC24FF45200C038D00A0AE15 /* Info.plist */ = {isa = PBXFileReference; lastKnownFileType = text.plist.xml; path = Info.plist; sourceTree = "<group>"; };
		EC24FF4C200C03E100A0AE15 /* ValidatorTests.swift */ = {isa = PBXFileReference; lastKnownFileType = sourcecode.swift; path = ValidatorTests.swift; sourceTree = "<group>"; };
		EC24FF4F200C065F00A0AE15 /* AppState.swift */ = {isa = PBXFileReference; lastKnownFileType = sourcecode.swift; path = AppState.swift; sourceTree = "<group>"; };
		EC24FF51200C06E300A0AE15 /* StateMachine.swift */ = {isa = PBXFileReference; lastKnownFileType = sourcecode.swift; path = StateMachine.swift; sourceTree = "<group>"; };
		EC24FF53200C080300A0AE15 /* Notifications.swift */ = {isa = PBXFileReference; lastKnownFileType = sourcecode.swift; path = Notifications.swift; sourceTree = "<group>"; };
		EC24FF55200C0C1900A0AE15 /* StateMachineTests.swift */ = {isa = PBXFileReference; lastKnownFileType = sourcecode.swift; path = StateMachineTests.swift; sourceTree = "<group>"; };
		EC24FF58200C30B800A0AE15 /* MainContainerViewController.swift */ = {isa = PBXFileReference; lastKnownFileType = sourcecode.swift; path = MainContainerViewController.swift; sourceTree = "<group>"; };
		EC24FF5A200C30C500A0AE15 /* MainContainerPresenter.swift */ = {isa = PBXFileReference; lastKnownFileType = sourcecode.swift; path = MainContainerPresenter.swift; sourceTree = "<group>"; };
		EC24FF5C200C30CF00A0AE15 /* MainContainerMediator.swift */ = {isa = PBXFileReference; lastKnownFileType = sourcecode.swift; path = MainContainerMediator.swift; sourceTree = "<group>"; };
		EC24FF6B200C400300A0AE15 /* GSTabBarController.swift */ = {isa = PBXFileReference; lastKnownFileType = sourcecode.swift; path = GSTabBarController.swift; sourceTree = "<group>"; };
		EC24FF6E200C433700A0AE15 /* ProfileViewController.swift */ = {isa = PBXFileReference; lastKnownFileType = sourcecode.swift; path = ProfileViewController.swift; sourceTree = "<group>"; };
		EC24FF6F200C433700A0AE15 /* ProfileViewController.xib */ = {isa = PBXFileReference; lastKnownFileType = file.xib; path = ProfileViewController.xib; sourceTree = "<group>"; };
		EC24FF73200C43B500A0AE15 /* ProfilePresenter.swift */ = {isa = PBXFileReference; lastKnownFileType = sourcecode.swift; path = ProfilePresenter.swift; sourceTree = "<group>"; };
		EC24FF77200C497800A0AE15 /* FeedViewController.swift */ = {isa = PBXFileReference; lastKnownFileType = sourcecode.swift; path = FeedViewController.swift; sourceTree = "<group>"; };
		EC24FF78200C497800A0AE15 /* FeedViewController.xib */ = {isa = PBXFileReference; lastKnownFileType = file.xib; path = FeedViewController.xib; sourceTree = "<group>"; };
		EC24FF7C200C4DE300A0AE15 /* NavigationDropDownView.swift */ = {isa = PBXFileReference; lastKnownFileType = sourcecode.swift; path = NavigationDropDownView.swift; sourceTree = "<group>"; };
		EC24FF7E200C4E2C00A0AE15 /* NavigationDropDownView.xib */ = {isa = PBXFileReference; lastKnownFileType = file.xib; path = NavigationDropDownView.xib; sourceTree = "<group>"; };
		EC24FF81200C625800A0AE15 /* DropDownViewController.swift */ = {isa = PBXFileReference; lastKnownFileType = sourcecode.swift; path = DropDownViewController.swift; sourceTree = "<group>"; };
		EC24FF83200C635600A0AE15 /* DropDownMediator.swift */ = {isa = PBXFileReference; lastKnownFileType = sourcecode.swift; path = DropDownMediator.swift; sourceTree = "<group>"; };
		EC5B2BFC201A443C007A4335 /* String+Size.swift */ = {isa = PBXFileReference; lastKnownFileType = sourcecode.swift; path = "String+Size.swift"; sourceTree = "<group>"; };
		EC6FD59D200AD53100DCB824 /* ViewController+BackButton.swift */ = {isa = PBXFileReference; lastKnownFileType = sourcecode.swift; path = "ViewController+BackButton.swift"; sourceTree = "<group>"; };
		EC6FD5A0200AE1A200DCB824 /* QRScannerViewController.swift */ = {isa = PBXFileReference; lastKnownFileType = sourcecode.swift; path = QRScannerViewController.swift; sourceTree = "<group>"; };
		EC6FD5A1200AE1A200DCB824 /* QRScannerViewController.xib */ = {isa = PBXFileReference; lastKnownFileType = file.xib; path = QRScannerViewController.xib; sourceTree = "<group>"; };
		EC9ABBBE20179CEF00AF8597 /* Images.swift */ = {isa = PBXFileReference; lastKnownFileType = sourcecode.swift; path = Images.swift; sourceTree = "<group>"; };
		EC9ABBC22017D17000AF8597 /* UIImageEffects.swift */ = {isa = PBXFileReference; fileEncoding = 4; lastKnownFileType = sourcecode.swift; path = UIImageEffects.swift; sourceTree = "<group>"; };
		EC9ABBC52017D55800AF8597 /* ProfileHeaderView.swift */ = {isa = PBXFileReference; lastKnownFileType = sourcecode.swift; path = ProfileHeaderView.swift; sourceTree = "<group>"; };
		EC9ABBC72017D56800AF8597 /* ProfileHeaderView.xib */ = {isa = PBXFileReference; lastKnownFileType = file.xib; path = ProfileHeaderView.xib; sourceTree = "<group>"; };
		EC9ABBE72018036E00AF8597 /* Device+Size.swift */ = {isa = PBXFileReference; lastKnownFileType = sourcecode.swift; path = "Device+Size.swift"; sourceTree = "<group>"; };
		EC9ABBE92018072600AF8597 /* GSTableView.swift */ = {isa = PBXFileReference; lastKnownFileType = sourcecode.swift; path = GSTableView.swift; sourceTree = "<group>"; };
		EC9B2ADF20154B62008335C8 /* PostsFeedPresenter.swift */ = {isa = PBXFileReference; lastKnownFileType = sourcecode.swift; path = PostsFeedPresenter.swift; sourceTree = "<group>"; };
		EC9B2AE120154DE9008335C8 /* PostsFeedViewModel.swift */ = {isa = PBXFileReference; lastKnownFileType = sourcecode.swift; path = PostsFeedViewModel.swift; sourceTree = "<group>"; };
		EC9B2AE4201550F4008335C8 /* FeedArticleTableViewCell.swift */ = {isa = PBXFileReference; lastKnownFileType = sourcecode.swift; path = FeedArticleTableViewCell.swift; sourceTree = "<group>"; };
		EC9B2AE5201550F4008335C8 /* FeedArticleTableViewCell.xib */ = {isa = PBXFileReference; lastKnownFileType = file.xib; path = FeedArticleTableViewCell.xib; sourceTree = "<group>"; };
		EC9B2AE820155B9C008335C8 /* PostsFeedMediator.swift */ = {isa = PBXFileReference; lastKnownFileType = sourcecode.swift; path = PostsFeedMediator.swift; sourceTree = "<group>"; };
		ECA8E3502018A626003B8ABA /* ProfileInfoView.swift */ = {isa = PBXFileReference; lastKnownFileType = sourcecode.swift; path = ProfileInfoView.swift; sourceTree = "<group>"; };
		ECA8E3522018A62E003B8ABA /* ProfileInfoView.xib */ = {isa = PBXFileReference; lastKnownFileType = file.xib; path = ProfileInfoView.xib; sourceTree = "<group>"; };
		ECA8E3592018CA17003B8ABA /* ProfileHorizontalSelectorView.swift */ = {isa = PBXFileReference; lastKnownFileType = sourcecode.swift; path = ProfileHorizontalSelectorView.swift; sourceTree = "<group>"; };
		ECA8E35B2018CA30003B8ABA /* ProfileHorizontalSelectorView.xib */ = {isa = PBXFileReference; lastKnownFileType = file.xib; path = ProfileHorizontalSelectorView.xib; sourceTree = "<group>"; };
		ECA8E35D2018D119003B8ABA /* UIView+Shadow.swift */ = {isa = PBXFileReference; lastKnownFileType = sourcecode.swift; path = "UIView+Shadow.swift"; sourceTree = "<group>"; };
		ECB2C0D22008E55500AF1AF5 /* Colors.swift */ = {isa = PBXFileReference; lastKnownFileType = sourcecode.swift; path = Colors.swift; sourceTree = "<group>"; };
		ECB2C0D42008E56300AF1AF5 /* Constants.swift */ = {isa = PBXFileReference; lastKnownFileType = sourcecode.swift; path = Constants.swift; sourceTree = "<group>"; };
		ECC15FA1200976770099BBC9 /* IntroViewController.swift */ = {isa = PBXFileReference; lastKnownFileType = sourcecode.swift; path = IntroViewController.swift; sourceTree = "<group>"; };
		ECC15FA2200976770099BBC9 /* IntroViewController.xib */ = {isa = PBXFileReference; lastKnownFileType = file.xib; path = IntroViewController.xib; sourceTree = "<group>"; };
		ECC15FA52009794E0099BBC9 /* Fonts.swift */ = {isa = PBXFileReference; lastKnownFileType = sourcecode.swift; path = Fonts.swift; sourceTree = "<group>"; };
		ECF28086200A94550000D949 /* ViewController+Nib.swift */ = {isa = PBXFileReference; lastKnownFileType = sourcecode.swift; path = "ViewController+Nib.swift"; sourceTree = "<group>"; };
		ECF2808B200A9A210000D949 /* UIButton+Intro.swift */ = {isa = PBXFileReference; lastKnownFileType = sourcecode.swift; path = "UIButton+Intro.swift"; sourceTree = "<group>"; };
		ECF31724200A9D2800F7B703 /* UIAlertController+Window.swift */ = {isa = PBXFileReference; lastKnownFileType = sourcecode.swift; path = "UIAlertController+Window.swift"; sourceTree = "<group>"; };
		ECF31726200A9E0B00F7B703 /* Utils.swift */ = {isa = PBXFileReference; lastKnownFileType = sourcecode.swift; path = Utils.swift; sourceTree = "<group>"; };
		ECF31729200AA0B200F7B703 /* IntroPresenter.swift */ = {isa = PBXFileReference; lastKnownFileType = sourcecode.swift; path = IntroPresenter.swift; sourceTree = "<group>"; };
		ECF3172C200AB22E00F7B703 /* LoginViewController.swift */ = {isa = PBXFileReference; lastKnownFileType = sourcecode.swift; path = LoginViewController.swift; sourceTree = "<group>"; };
		ECF3172D200AB22E00F7B703 /* LoginViewController.xib */ = {isa = PBXFileReference; lastKnownFileType = file.xib; path = LoginViewController.xib; sourceTree = "<group>"; };
		ECFF44E7200BC42F00DAF74C /* QRScannerViewControllerDelegate.swift */ = {isa = PBXFileReference; lastKnownFileType = sourcecode.swift; path = QRScannerViewControllerDelegate.swift; sourceTree = "<group>"; };
		F860D859C40BCA60C8DE58EE /* Pods-Golos.release.xcconfig */ = {isa = PBXFileReference; includeInIndex = 1; lastKnownFileType = text.xcconfig; name = "Pods-Golos.release.xcconfig"; path = "Pods/Target Support Files/Pods-Golos/Pods-Golos.release.xcconfig"; sourceTree = "<group>"; };
/* End PBXFileReference section */

/* Begin PBXFrameworksBuildPhase section */
		EC1DFB8820063C400080BC50 /* Frameworks */ = {
			isa = PBXFrameworksBuildPhase;
			buildActionMask = 2147483647;
			files = (
				2E74511CE6F7C901E3E25689 /* Pods_Golos.framework in Frameworks */,
			);
			runOnlyForDeploymentPostprocessing = 0;
		};
		EC24FF3E200C038D00A0AE15 /* Frameworks */ = {
			isa = PBXFrameworksBuildPhase;
			buildActionMask = 2147483647;
			files = (
			);
			runOnlyForDeploymentPostprocessing = 0;
		};
/* End PBXFrameworksBuildPhase section */

/* Begin PBXGroup section */
		4C8254C4C6C021D08A08DBAD /* Pods */ = {
			isa = PBXGroup;
			children = (
				7BD44B1209B5C64C3D1EF768 /* Pods-golos-ios.debug.xcconfig */,
				DECBC36021F31D8D6F619C11 /* Pods-golos-ios.release.xcconfig */,
				974FDF6AE6B94E5A2BFC2FDE /* Pods-Golos.debug.xcconfig */,
				F860D859C40BCA60C8DE58EE /* Pods-Golos.release.xcconfig */,
			);
			name = Pods;
			sourceTree = "<group>";
		};
		7D25B47D201F46FF004A3400 /* TagsView */ = {
			isa = PBXGroup;
			children = (
				7D25B47E201F4714004A3400 /* TagsView.swift */,
				7D25B482201F479B004A3400 /* TagTokenButton.swift */,
				7D25B48A201F5700004A3400 /* TagCollectionViewCell.swift */,
				7D25B48B201F5700004A3400 /* TagCollectionViewCell.xib */,
				7D25B48E201F5E88004A3400 /* CollectionViewCenteredLayout.swift */,
			);
			path = TagsView;
			sourceTree = "<group>";
		};
		7D25B484201F4967004A3400 /* Article */ = {
			isa = PBXGroup;
			children = (
				7DCF74A0201FE18A00D46495 /* TableHeaders */,
				7D25B4BB201FAB83004A3400 /* Cells */,
				7D25B489201F497D004A3400 /* ArticleViewController */,
				7D25B4CC201FAE93004A3400 /* ArticleMediator.swift */,
			);
			path = Article;
			sourceTree = "<group>";
		};
		7D25B489201F497D004A3400 /* ArticleViewController */ = {
			isa = PBXGroup;
			children = (
				7D25B485201F4978004A3400 /* ArticleViewController.swift */,
				7D25B486201F4978004A3400 /* ArticleViewController.xib */,
			);
			path = ArticleViewController;
			sourceTree = "<group>";
		};
		7D25B4B6201F97FA004A3400 /* ArticleHeaderView */ = {
			isa = PBXGroup;
			children = (
				7D25B4B7201F980A004A3400 /* ArticleHeaderView.swift */,
				7D25B4B9201F9821004A3400 /* ArticleHeaderView.xib */,
			);
			path = ArticleHeaderView;
			sourceTree = "<group>";
		};
		7D25B4BB201FAB83004A3400 /* Cells */ = {
			isa = PBXGroup;
			children = (
				7D25B4BC201FABB2004A3400 /* ArticleTitleTableViewCell.swift */,
				7D25B4BD201FABB2004A3400 /* ArticleTitleTableViewCell.xib */,
				7D25B4C0201FABBD004A3400 /* ArticleImageTableViewCell.swift */,
				7D25B4C1201FABBD004A3400 /* ArticleImageTableViewCell.xib */,
				7D25B4C4201FABCB004A3400 /* ArticleTextTableViewCell.swift */,
				7D25B4C5201FABCB004A3400 /* ArticleTextTableViewCell.xib */,
				7D25B4C8201FABD8004A3400 /* ArticleFooterTableViewCell.swift */,
				7D25B4C9201FABD8004A3400 /* ArticleFooterTableViewCell.xib */,
				7D1783DB201FD9B600B75979 /* ArticlePostedInTableViewCell.swift */,
				7D1783DC201FD9B600B75979 /* ArticlePostedInTableViewCell.xib */,
				7DCF74A520200AA700D46495 /* ArticleCommentTableViewCell.swift */,
				7DCF74A620200AA700D46495 /* ArticleCommentTableViewCell.xib */,
			);
			path = Cells;
			sourceTree = "<group>";
		};
		7D79C3362034673500794447 /* Answers */ = {
			isa = PBXGroup;
			children = (
				7D79C3422034683B00794447 /* Cells */,
				7D79C3372034673E00794447 /* AnswersFeedViewController */,
				7D79C33C203467B600794447 /* AnswersFeedPresenter.swift */,
				7D79C33E203467C000794447 /* AnswersFeedMediator.swift */,
				7D79C340203467D500794447 /* AnswersFeedViewModel.swift */,
				7D79C34920346B5500794447 /* AnswerType.swift */,
			);
			path = Answers;
			sourceTree = "<group>";
		};
		7D79C3372034673E00794447 /* AnswersFeedViewController */ = {
			isa = PBXGroup;
			children = (
				7D79C3382034675C00794447 /* AnswersFeedViewController.swift */,
				7D79C3392034675C00794447 /* AnswersFeedViewController.xib */,
				7D79C34B20347DCE00794447 /* AnswersFeedViewController+ProfileFeedContainerItem.swift */,
			);
			path = AnswersFeedViewController;
			sourceTree = "<group>";
		};
		7D79C3422034683B00794447 /* Cells */ = {
			isa = PBXGroup;
			children = (
				7D79C3432034685900794447 /* AnswersFeedTableViewCell.swift */,
				7D79C3442034685900794447 /* AnswersFeedTableViewCell.xib */,
			);
			path = Cells;
			sourceTree = "<group>";
		};
		7D79C34D2034F28B00794447 /* WebSocketManager */ = {
			isa = PBXGroup;
			children = (
				7D911D132035CCAE00F19D3C /* WebSocketMethod.swift */,
				7D911D172035DDD300F19D3C /* WebSocketResponse.swift */,
			);
			path = WebSocketManager;
			sourceTree = "<group>";
		};
		7D7D564020367F7C003E06A6 /* Parser */ = {
			isa = PBXGroup;
			children = (
				7D7D564120367F8B003E06A6 /* PostParser.swift */,
			);
			path = Parser;
			sourceTree = "<group>";
		};
		7D911D1E2035ED7C00F19D3C /* Model */ = {
			isa = PBXGroup;
			children = (
				7D911D1F2035F0A600F19D3C /* PostModel.swift */,
				B18DB454208619A000BA5D50 /* DisplayedPost.swift */,
				7D911D252035F6EA00F19D3C /* DisplayedUser.swift */,
				7D7D564320368028003E06A6 /* PostItem.swift */,
				7D911D212035F5AA00F19D3C /* PostReplyModel.swift */,
				7D911D232035F5C900F19D3C /* PostVoteModel.swift */,
			);
			path = Model;
			sourceTree = "<group>";
		};
		7D95CFA1203A118D00C1AE0A /* GSImageLoader */ = {
			isa = PBXGroup;
			children = (
				7D95CFA2203A119B00C1AE0A /* GSImageLoader.swift */,
				7D95CFA3203A119B00C1AE0A /* GSImageLoadOperation.swift */,
				7D95CFA4203A119B00C1AE0A /* GSOperation.swift */,
			);
			path = GSImageLoader;
			sourceTree = "<group>";
		};
		7DA063202032511D00B5630C /* ProfileFeedContainerController */ = {
			isa = PBXGroup;
			children = (
				7DA063212032513A00B5630C /* ProfileFeedContainerController.swift */,
				7DA063232032517D00B5630C /* ProfileFeedContainerItem.swift */,
			);
			path = ProfileFeedContainerController;
			sourceTree = "<group>";
		};
		7DCF74A0201FE18A00D46495 /* TableHeaders */ = {
			isa = PBXGroup;
			children = (
				7DCF74A1201FE1C700D46495 /* ArticleCommentsSectionHeader.swift */,
				7DCF74A3201FE1E400D46495 /* ArticleCommentsSectionHeader.xib */,
			);
			path = TableHeaders;
			sourceTree = "<group>";
		};
		7DE353182048CA1E00C04CB2 /* LoginHelp */ = {
			isa = PBXGroup;
			children = (
				7DE353192048CA3400C04CB2 /* LoginHelpViewController.swift */,
				7DE3531A2048CA3400C04CB2 /* LoginHelpViewController.xib */,
			);
			path = LoginHelp;
			sourceTree = "<group>";
		};
		7DFE7C422046392C0057F144 /* ReplyManager */ = {
			isa = PBXGroup;
			children = (
				7DFE7C43204639390057F144 /* ReplyManager.swift */,
				7DFE7C452046395B0057F144 /* ReplyRequestType.swift */,
			);
			path = ReplyManager;
			sourceTree = "<group>";
		};
		7DFE7C4720464C110057F144 /* PostsManager */ = {
			isa = PBXGroup;
			children = (
				7DFE7C4820464C1E0057F144 /* PostsManager.swift */,
				7DFE7C4A20464C680057F144 /* PostRequestType.swift */,
			);
			path = PostsManager;
			sourceTree = "<group>";
		};
		968B010EA40FABFAAC4629AF /* Frameworks */ = {
			isa = PBXGroup;
			children = (
				CAA1E32F181BB1BB221B985A /* Pods_Golos.framework */,
			);
			name = Frameworks;
			sourceTree = "<group>";
		};
		B199DF93207F48E80022C5FA /* GologBlockchainLibrary */ = {
			isa = PBXGroup;
			children = (
				B18DB4522085DB8F00BA5D50 /* ErrorAPI.swift */,
				B199DF91207F48870022C5FA /* GolosBlockchainManager.swift */,
				B1E0CE10207A465900261EA7 /* Logger.swift */,
				B199DF94207F49230022C5FA /* MethodAPI.swift */,
				B199DF96207F8A420022C5FA /* RequestAPI.swift */,
				B1D33FC12080E12600655759 /* ResponseAPI.swift */,
			);
			name = GologBlockchainLibrary;
			sourceTree = "<group>";
		};
		EC07F4A0201408FF00560CF0 /* HorizontalSelectorView */ = {
			isa = PBXGroup;
			children = (
				EC07F4A12014093E00560CF0 /* HorizontalSelectorView.swift */,
			);
			path = HorizontalSelectorView;
			sourceTree = "<group>";
		};
		EC07F4AE2014402E00560CF0 /* Posts Feed */ = {
			isa = PBXGroup;
			children = (
				EC9B2AE3201550E1008335C8 /* Cells */,
				EC9B2ADE201535AE008335C8 /* PostsFeedViewController */,
				EC9B2AE820155B9C008335C8 /* PostsFeedMediator.swift */,
				EC9B2ADF20154B62008335C8 /* PostsFeedPresenter.swift */,
				EC07F4A520141E8D00560CF0 /* PostsFeedType.swift */,
				EC9B2AE120154DE9008335C8 /* PostsFeedViewModel.swift */,
			);
			path = "Posts Feed";
			sourceTree = "<group>";
		};
		EC1DFB8220063C400080BC50 = {
			isa = PBXGroup;
			children = (
				B199DF93207F48E80022C5FA /* GologBlockchainLibrary */,
				EC1DFB8D20063C400080BC50 /* golos-ios */,
				EC24FF42200C038D00A0AE15 /* GolosTests */,
				EC1DFB8C20063C400080BC50 /* Products */,
				4C8254C4C6C021D08A08DBAD /* Pods */,
				968B010EA40FABFAAC4629AF /* Frameworks */,
			);
			sourceTree = "<group>";
		};
		EC1DFB8C20063C400080BC50 /* Products */ = {
			isa = PBXGroup;
			children = (
				EC1DFB8B20063C400080BC50 /* Golos.app */,
				EC24FF41200C038D00A0AE15 /* GolosTests.xctest */,
			);
			name = Products;
			sourceTree = "<group>";
		};
		EC1DFB8D20063C400080BC50 /* golos-ios */ = {
			isa = PBXGroup;
			children = (
				EC1DFB8E20063C400080BC50 /* AppDelegate.swift */,
				ECC15F9B200975680099BBC9 /* Modules */,
				EC24FF29200BFA9300A0AE15 /* Managers */,
				7D911D1E2035ED7C00F19D3C /* Model */,
				ECF28084200A941F0000D949 /* Common */,
				ECB2C0D12008E54000AF1AF5 /* Miscellaneous */,
				EC1DFB9520063C400080BC50 /* Assets.xcassets */,
				EC1DFB9720063C400080BC50 /* LaunchScreen.storyboard */,
				EC1DFB9A20063C400080BC50 /* Info.plist */,
				7DCF55D0205883B5002FE7C3 /* Golos-Bridging-Header.h */,
				B18DB4502085D22A00BA5D50 /* Localizable.strings */,
			);
			path = "golos-ios";
			sourceTree = "<group>";
		};
		EC24FF29200BFA9300A0AE15 /* Managers */ = {
			isa = PBXGroup;
			children = (
				7D95CFA9203A53E500C1AE0A /* UserManager.swift */,
				7D911D1C2035ED0200F19D3C /* PostsFeedManager.swift */,
				7D79C34E2034F29900794447 /* WebSocketManager.swift */,
				7D95CFA1203A118D00C1AE0A /* GSImageLoader */,
				7D7D564020367F7C003E06A6 /* Parser */,
				7DFE7C4720464C110057F144 /* PostsManager */,
				7DFE7C422046392C0057F144 /* ReplyManager */,
				EC24FF4E200C064B00A0AE15 /* StateMachine */,
				7D79C34D2034F28B00794447 /* WebSocketManager */,
			);
			path = Managers;
			sourceTree = "<group>";
		};
		EC24FF42200C038D00A0AE15 /* GolosTests */ = {
			isa = PBXGroup;
			children = (
				EC24FF4B200C03BD00A0AE15 /* Managers */,
				EC24FF45200C038D00A0AE15 /* Info.plist */,
			);
			path = GolosTests;
			sourceTree = "<group>";
		};
		EC24FF4B200C03BD00A0AE15 /* Managers */ = {
			isa = PBXGroup;
			children = (
				EC24FF4C200C03E100A0AE15 /* ValidatorTests.swift */,
				EC24FF55200C0C1900A0AE15 /* StateMachineTests.swift */,
			);
			path = Managers;
			sourceTree = "<group>";
		};
		EC24FF4E200C064B00A0AE15 /* StateMachine */ = {
			isa = PBXGroup;
			children = (
				EC24FF4F200C065F00A0AE15 /* AppState.swift */,
				EC24FF51200C06E300A0AE15 /* StateMachine.swift */,
			);
			path = StateMachine;
			sourceTree = "<group>";
		};
		EC24FF57200C30A300A0AE15 /* MainContainer */ = {
			isa = PBXGroup;
			children = (
				EC24FF58200C30B800A0AE15 /* MainContainerViewController.swift */,
				EC24FF5A200C30C500A0AE15 /* MainContainerPresenter.swift */,
				EC24FF5C200C30CF00A0AE15 /* MainContainerMediator.swift */,
			);
			path = MainContainer;
			sourceTree = "<group>";
		};
		EC24FF6A200C3FE700A0AE15 /* Tab */ = {
			isa = PBXGroup;
			children = (
				EC24FF6B200C400300A0AE15 /* GSTabBarController.swift */,
			);
			path = Tab;
			sourceTree = "<group>";
		};
		EC24FF6D200C432700A0AE15 /* Profile */ = {
			isa = PBXGroup;
			children = (
				7DA063202032511D00B5630C /* ProfileFeedContainerController */,
				EC9ABBC42017D54900AF8597 /* Views */,
				EC24FF72200C439E00A0AE15 /* ProfileViewController */,
				EC24FF73200C43B500A0AE15 /* ProfilePresenter.swift */,
				7DF16A71201D6043000F5529 /* ProfileMediator.swift */,
				7DE353162048A84C00C04CB2 /* ProfileViewModel.swift */,
			);
			path = Profile;
			sourceTree = "<group>";
		};
		EC24FF72200C439E00A0AE15 /* ProfileViewController */ = {
			isa = PBXGroup;
			children = (
				EC24FF6E200C433700A0AE15 /* ProfileViewController.swift */,
				EC24FF6F200C433700A0AE15 /* ProfileViewController.xib */,
			);
			path = ProfileViewController;
			sourceTree = "<group>";
		};
		EC24FF75200C495F00A0AE15 /* Feed */ = {
			isa = PBXGroup;
			children = (
				EC24FF76200C496800A0AE15 /* FeedViewController */,
				EC07F4A720141F0200560CF0 /* FeedMediator.swift */,
				EC07F4A920141F0C00560CF0 /* FeedPresenter.swift */,
			);
			path = Feed;
			sourceTree = "<group>";
		};
		EC24FF76200C496800A0AE15 /* FeedViewController */ = {
			isa = PBXGroup;
			children = (
				EC24FF77200C497800A0AE15 /* FeedViewController.swift */,
				EC24FF78200C497800A0AE15 /* FeedViewController.xib */,
			);
			path = FeedViewController;
			sourceTree = "<group>";
		};
		EC24FF7B200C4CE500A0AE15 /* NavigationDropDownView */ = {
			isa = PBXGroup;
			children = (
				EC24FF80200C622700A0AE15 /* DropDownTable */,
				EC24FF7C200C4DE300A0AE15 /* NavigationDropDownView.swift */,
				EC24FF7E200C4E2C00A0AE15 /* NavigationDropDownView.xib */,
			);
			path = NavigationDropDownView;
			sourceTree = "<group>";
		};
		EC24FF80200C622700A0AE15 /* DropDownTable */ = {
			isa = PBXGroup;
			children = (
				EC24FF81200C625800A0AE15 /* DropDownViewController.swift */,
				EC24FF83200C635600A0AE15 /* DropDownMediator.swift */,
			);
			path = DropDownTable;
			sourceTree = "<group>";
		};
		EC6FD59F200AE18E00DCB824 /* QRScanner */ = {
			isa = PBXGroup;
			children = (
				EC6FD5A4200AE1A700DCB824 /* QRScannerViewController */,
				ECFF44E7200BC42F00DAF74C /* QRScannerViewControllerDelegate.swift */,
			);
			path = QRScanner;
			sourceTree = "<group>";
		};
		EC6FD5A4200AE1A700DCB824 /* QRScannerViewController */ = {
			isa = PBXGroup;
			children = (
				EC6FD5A0200AE1A200DCB824 /* QRScannerViewController.swift */,
				EC6FD5A1200AE1A200DCB824 /* QRScannerViewController.xib */,
			);
			path = QRScannerViewController;
			sourceTree = "<group>";
		};
		EC9ABBC42017D54900AF8597 /* Views */ = {
			isa = PBXGroup;
			children = (
				ECA8E3582018C9F5003B8ABA /* ProfileHorizontalSelectorView */,
				ECA8E34F2018A619003B8ABA /* ProfileInfoView */,
				ECA8E34E2018A5E2003B8ABA /* ProfileHeaderView */,
			);
			path = Views;
			sourceTree = "<group>";
		};
		EC9B2ADE201535AE008335C8 /* PostsFeedViewController */ = {
			isa = PBXGroup;
			children = (
				EC07F4AF2014404200560CF0 /* PostsFeedViewController.swift */,
				EC07F4B02014404200560CF0 /* PostsFeedViewController.xib */,
				7DA063292032583F00B5630C /* PostsFeedViewController+ProfileFeedContainerItem.swift */,
			);
			path = PostsFeedViewController;
			sourceTree = "<group>";
		};
		EC9B2AE3201550E1008335C8 /* Cells */ = {
			isa = PBXGroup;
			children = (
				EC9B2AE4201550F4008335C8 /* FeedArticleTableViewCell.swift */,
				EC9B2AE5201550F4008335C8 /* FeedArticleTableViewCell.xib */,
				7DFA6CAB2036D76000F59494 /* PostsFeedImageTableViewCell.swift */,
				7DFA6CAC2036D76000F59494 /* PostsFeedImageTableViewCell.xib */,
				7DFA6CAF2036D76B00F59494 /* PostsFeedTextTableViewCell.swift */,
				7DFA6CB02036D76B00F59494 /* PostsFeedTextTableViewCell.xib */,
			);
			path = Cells;
			sourceTree = "<group>";
		};
		ECA8E34E2018A5E2003B8ABA /* ProfileHeaderView */ = {
			isa = PBXGroup;
			children = (
				EC9ABBC52017D55800AF8597 /* ProfileHeaderView.swift */,
				EC9ABBC72017D56800AF8597 /* ProfileHeaderView.xib */,
			);
			path = ProfileHeaderView;
			sourceTree = "<group>";
		};
		ECA8E34F2018A619003B8ABA /* ProfileInfoView */ = {
			isa = PBXGroup;
			children = (
				ECA8E3502018A626003B8ABA /* ProfileInfoView.swift */,
				ECA8E3522018A62E003B8ABA /* ProfileInfoView.xib */,
			);
			path = ProfileInfoView;
			sourceTree = "<group>";
		};
		ECA8E3582018C9F5003B8ABA /* ProfileHorizontalSelectorView */ = {
			isa = PBXGroup;
			children = (
				ECA8E3592018CA17003B8ABA /* ProfileHorizontalSelectorView.swift */,
				ECA8E35B2018CA30003B8ABA /* ProfileHorizontalSelectorView.xib */,
			);
			path = ProfileHorizontalSelectorView;
			sourceTree = "<group>";
		};
		ECB2C0D12008E54000AF1AF5 /* Miscellaneous */ = {
			isa = PBXGroup;
			children = (
				ECB2C0D22008E55500AF1AF5 /* Colors.swift */,
				ECB2C0D42008E56300AF1AF5 /* Constants.swift */,
				EC9ABBE72018036E00AF8597 /* Device+Size.swift */,
				ECC15FA52009794E0099BBC9 /* Fonts.swift */,
				EC9ABBBE20179CEF00AF8597 /* Images.swift */,
				EC24FF53200C080300A0AE15 /* Notifications.swift */,
				ECF31726200A9E0B00F7B703 /* Utils.swift */,
				EC24FF2A200BFAA100A0AE15 /* Validator.swift */,
			);
			path = Miscellaneous;
			sourceTree = "<group>";
		};
		ECC15F9B200975680099BBC9 /* Modules */ = {
			isa = PBXGroup;
			children = (
				7D79C3362034673500794447 /* Answers */,
				7D25B484201F4967004A3400 /* Article */,
				EC24FF75200C495F00A0AE15 /* Feed */,
				ECC15F9D2009757A0099BBC9 /* Intro */,
				ECF3172B200AB22000F7B703 /* Login */,
				7DE353182048CA1E00C04CB2 /* LoginHelp */,
				EC24FF57200C30A300A0AE15 /* MainContainer */,
				EC07F4AE2014402E00560CF0 /* Posts Feed */,
				EC24FF6D200C432700A0AE15 /* Profile */,
				EC6FD59F200AE18E00DCB824 /* QRScanner */,
				EC24FF6A200C3FE700A0AE15 /* Tab */,
			);
			path = Modules;
			sourceTree = "<group>";
		};
		ECC15F9D2009757A0099BBC9 /* Intro */ = {
			isa = PBXGroup;
			children = (
				ECF31728200AA07E00F7B703 /* IntroViewController */,
				ECF31729200AA0B200F7B703 /* IntroPresenter.swift */,
			);
			path = Intro;
			sourceTree = "<group>";
		};
		ECF28084200A941F0000D949 /* Common */ = {
			isa = PBXGroup;
			children = (
				ECF31733200AC77A00F7B703 /* Views */,
				ECF28088200A95730000D949 /* Protocols */,
				ECF28085200A94360000D949 /* Extensions */,
			);
			path = Common;
			sourceTree = "<group>";
		};
		ECF28085200A94360000D949 /* Extensions */ = {
			isa = PBXGroup;
			children = (
				ECF28086200A94550000D949 /* ViewController+Nib.swift */,
				EC6FD59D200AD53100DCB824 /* ViewController+BackButton.swift */,
				ECF2808B200A9A210000D949 /* UIButton+Intro.swift */,
				ECF31724200A9D2800F7B703 /* UIAlertController+Window.swift */,
				EC9ABBC22017D17000AF8597 /* UIImageEffects.swift */,
				ECA8E35D2018D119003B8ABA /* UIView+Shadow.swift */,
				EC5B2BFC201A443C007A4335 /* String+Size.swift */,
				7D911D192035DE5D00F19D3C /* String+Dictionary.swift */,
			);
			path = Extensions;
			sourceTree = "<group>";
		};
		ECF28088200A95730000D949 /* Protocols */ = {
			isa = PBXGroup;
			children = (
				EC24FF27200BEBE600A0AE15 /* ViewProtocol.swift */,
				7DA06327203256D700B5630C /* PropertyStoring.swift */,
				7D79C3472034686B00794447 /* ReusableCell.swift */,
			);
			path = Protocols;
			sourceTree = "<group>";
		};
		ECF31728200AA07E00F7B703 /* IntroViewController */ = {
			isa = PBXGroup;
			children = (
				ECC15FA1200976770099BBC9 /* IntroViewController.swift */,
				ECC15FA2200976770099BBC9 /* IntroViewController.xib */,
			);
			path = IntroViewController;
			sourceTree = "<group>";
		};
		ECF3172B200AB22000F7B703 /* Login */ = {
			isa = PBXGroup;
			children = (
				ECF31730200AB23200F7B703 /* LoginViewController */,
				EC24FF1F200BC69400A0AE15 /* LoginPresenter.swift */,
				EC24FF21200BC69B00A0AE15 /* LoginType.swift */,
				EC24FF23200BC72F00A0AE15 /* LoginUIStrings.swift */,
			);
			path = Login;
			sourceTree = "<group>";
		};
		ECF31730200AB23200F7B703 /* LoginViewController */ = {
			isa = PBXGroup;
			children = (
				ECF3172C200AB22E00F7B703 /* LoginViewController.swift */,
				ECF3172D200AB22E00F7B703 /* LoginViewController.xib */,
			);
			path = LoginViewController;
			sourceTree = "<group>";
		};
		ECF31733200AC77A00F7B703 /* Views */ = {
			isa = PBXGroup;
			children = (
				7D25B4B6201F97FA004A3400 /* ArticleHeaderView */,
				7D25B47D201F46FF004A3400 /* TagsView */,
				EC07F4A0201408FF00560CF0 /* HorizontalSelectorView */,
				EC24FF7B200C4CE500A0AE15 /* NavigationDropDownView */,
				EC9ABBE92018072600AF8597 /* GSTableView.swift */,
				7D25B4B4201F9218004A3400 /* GSNavigationBar.swift */,
				7DA0632B203315A300B5630C /* PassthroughView.swift */,
			);
			path = Views;
			sourceTree = "<group>";
		};
/* End PBXGroup section */

/* Begin PBXNativeTarget section */
		EC1DFB8A20063C400080BC50 /* Golos */ = {
			isa = PBXNativeTarget;
			buildConfigurationList = EC1DFB9D20063C400080BC50 /* Build configuration list for PBXNativeTarget "Golos" */;
			buildPhases = (
				55A88D3868FC3CC3DBEF14AF /* [CP] Check Pods Manifest.lock */,
				7DD6B76C2020E0F3004D0830 /* Run SwiftLint Script */,
				EC1DFB8720063C400080BC50 /* Sources */,
				EC1DFB8820063C400080BC50 /* Frameworks */,
				EC1DFB8920063C400080BC50 /* Resources */,
				B192DBD32074F4CE0056A08F /* Run Fabric Script */,
				D7C5A34B5F80F9041B8E6F48 /* [CP] Embed Pods Frameworks */,
			);
			buildRules = (
			);
			dependencies = (
			);
			name = Golos;
			productName = "golos-ios";
			productReference = EC1DFB8B20063C400080BC50 /* Golos.app */;
			productType = "com.apple.product-type.application";
		};
		EC24FF40200C038D00A0AE15 /* GolosTests */ = {
			isa = PBXNativeTarget;
			buildConfigurationList = EC24FF48200C038D00A0AE15 /* Build configuration list for PBXNativeTarget "GolosTests" */;
			buildPhases = (
				EC24FF3D200C038D00A0AE15 /* Sources */,
				EC24FF3E200C038D00A0AE15 /* Frameworks */,
				EC24FF3F200C038D00A0AE15 /* Resources */,
			);
			buildRules = (
			);
			dependencies = (
				EC24FF47200C038D00A0AE15 /* PBXTargetDependency */,
			);
			name = GolosTests;
			productName = GolosTests;
			productReference = EC24FF41200C038D00A0AE15 /* GolosTests.xctest */;
			productType = "com.apple.product-type.bundle.unit-test";
		};
/* End PBXNativeTarget section */

/* Begin PBXProject section */
		EC1DFB8320063C400080BC50 /* Project object */ = {
			isa = PBXProject;
			attributes = {
				LastSwiftUpdateCheck = 0920;
				LastUpgradeCheck = 0930;
				ORGANIZATIONNAME = golos;
				TargetAttributes = {
					EC1DFB8A20063C400080BC50 = {
						CreatedOnToolsVersion = 9.2;
						LastSwiftMigration = 0920;
						ProvisioningStyle = Automatic;
					};
					EC24FF40200C038D00A0AE15 = {
						CreatedOnToolsVersion = 9.2;
						LastSwiftMigration = 0920;
						ProvisioningStyle = Automatic;
						TestTargetID = EC1DFB8A20063C400080BC50;
					};
				};
			};
			buildConfigurationList = EC1DFB8620063C400080BC50 /* Build configuration list for PBXProject "golos-ios" */;
			compatibilityVersion = "Xcode 8.0";
			developmentRegion = en;
			hasScannedForEncodings = 0;
			knownRegions = (
				en,
				Base,
				ru,
			);
			mainGroup = EC1DFB8220063C400080BC50;
			productRefGroup = EC1DFB8C20063C400080BC50 /* Products */;
			projectDirPath = "";
			projectRoot = "";
			targets = (
				EC1DFB8A20063C400080BC50 /* Golos */,
				EC24FF40200C038D00A0AE15 /* GolosTests */,
			);
		};
/* End PBXProject section */

/* Begin PBXResourcesBuildPhase section */
		EC1DFB8920063C400080BC50 /* Resources */ = {
			isa = PBXResourcesBuildPhase;
			buildActionMask = 2147483647;
			files = (
				7D1783DE201FD9B600B75979 /* ArticlePostedInTableViewCell.xib in Resources */,
				7D25B4BA201F9821004A3400 /* ArticleHeaderView.xib in Resources */,
				EC24FF71200C433700A0AE15 /* ProfileViewController.xib in Resources */,
				7D79C3462034685900794447 /* AnswersFeedTableViewCell.xib in Resources */,
				ECF3172F200AB22E00F7B703 /* LoginViewController.xib in Resources */,
				7D25B4C3201FABBD004A3400 /* ArticleImageTableViewCell.xib in Resources */,
				7DFA6CB22036D76B00F59494 /* PostsFeedTextTableViewCell.xib in Resources */,
				7D25B4CB201FABD8004A3400 /* ArticleFooterTableViewCell.xib in Resources */,
				EC24FF7A200C497800A0AE15 /* FeedViewController.xib in Resources */,
				EC9B2AE7201550F4008335C8 /* FeedArticleTableViewCell.xib in Resources */,
				7D25B4BF201FABB2004A3400 /* ArticleTitleTableViewCell.xib in Resources */,
				EC1DFB9920063C400080BC50 /* LaunchScreen.storyboard in Resources */,
				7DCF74A820200AA700D46495 /* ArticleCommentTableViewCell.xib in Resources */,
				7DE3531C2048CA3400C04CB2 /* LoginHelpViewController.xib in Resources */,
				EC24FF7F200C4E2C00A0AE15 /* NavigationDropDownView.xib in Resources */,
				7D79C33B2034675C00794447 /* AnswersFeedViewController.xib in Resources */,
				EC6FD5A3200AE1A200DCB824 /* QRScannerViewController.xib in Resources */,
				EC9ABBC82017D56800AF8597 /* ProfileHeaderView.xib in Resources */,
				EC07F4B22014404200560CF0 /* PostsFeedViewController.xib in Resources */,
				7DFA6CAE2036D76000F59494 /* PostsFeedImageTableViewCell.xib in Resources */,
				ECA8E35C2018CA30003B8ABA /* ProfileHorizontalSelectorView.xib in Resources */,
				EC1DFB9620063C400080BC50 /* Assets.xcassets in Resources */,
				B18DB44E2085D22A00BA5D50 /* Localizable.strings in Resources */,
				7D25B488201F4978004A3400 /* ArticleViewController.xib in Resources */,
				ECC15FA4200976770099BBC9 /* IntroViewController.xib in Resources */,
				7DCF74A4201FE1E400D46495 /* ArticleCommentsSectionHeader.xib in Resources */,
				7D25B4C7201FABCB004A3400 /* ArticleTextTableViewCell.xib in Resources */,
				ECA8E3532018A62E003B8ABA /* ProfileInfoView.xib in Resources */,
				7D25B48D201F5700004A3400 /* TagCollectionViewCell.xib in Resources */,
			);
			runOnlyForDeploymentPostprocessing = 0;
		};
		EC24FF3F200C038D00A0AE15 /* Resources */ = {
			isa = PBXResourcesBuildPhase;
			buildActionMask = 2147483647;
			files = (
			);
			runOnlyForDeploymentPostprocessing = 0;
		};
/* End PBXResourcesBuildPhase section */

/* Begin PBXShellScriptBuildPhase section */
		55A88D3868FC3CC3DBEF14AF /* [CP] Check Pods Manifest.lock */ = {
			isa = PBXShellScriptBuildPhase;
			buildActionMask = 2147483647;
			files = (
			);
			inputPaths = (
				"${PODS_PODFILE_DIR_PATH}/Podfile.lock",
				"${PODS_ROOT}/Manifest.lock",
			);
			name = "[CP] Check Pods Manifest.lock";
			outputPaths = (
				"$(DERIVED_FILE_DIR)/Pods-Golos-checkManifestLockResult.txt",
			);
			runOnlyForDeploymentPostprocessing = 0;
			shellPath = /bin/sh;
			shellScript = "diff \"${PODS_PODFILE_DIR_PATH}/Podfile.lock\" \"${PODS_ROOT}/Manifest.lock\" > /dev/null\nif [ $? != 0 ] ; then\n    # print error to STDERR\n    echo \"error: The sandbox is not in sync with the Podfile.lock. Run 'pod install' or update your CocoaPods installation.\" >&2\n    exit 1\nfi\n# This output is used by Xcode 'outputs' to avoid re-running this script phase.\necho \"SUCCESS\" > \"${SCRIPT_OUTPUT_FILE_0}\"\n";
			showEnvVarsInLog = 0;
		};
		7DD6B76C2020E0F3004D0830 /* Run SwiftLint Script */ = {
			isa = PBXShellScriptBuildPhase;
			buildActionMask = 12;
			files = (
			);
			inputPaths = (
			);
			name = "Run SwiftLint Script";
			outputPaths = (
			);
			runOnlyForDeploymentPostprocessing = 0;
			shellPath = /bin/sh;
			shellScript = "\"${PODS_ROOT}/SwiftLint/swiftlint\"\n";
		};
		B192DBD32074F4CE0056A08F /* Run Fabric Script */ = {
			isa = PBXShellScriptBuildPhase;
			buildActionMask = 12;
			files = (
			);
			inputPaths = (
			);
			name = "Run Fabric Script";
			outputPaths = (
			);
			runOnlyForDeploymentPostprocessing = 0;
			shellPath = /bin/sh;
			shellScript = "\"${PODS_ROOT}/Fabric/run\" 66b650c16716d55977dc8aa10a4b2bf5d633a186 44762b8046ea9d6327dd2329233a8d8099933b028f16b848d960c5322815883a";
		};
		D7C5A34B5F80F9041B8E6F48 /* [CP] Embed Pods Frameworks */ = {
			isa = PBXShellScriptBuildPhase;
			buildActionMask = 2147483647;
			files = (
			);
			inputPaths = (
				"${SRCROOT}/Pods/Target Support Files/Pods-Golos/Pods-Golos-frameworks.sh",
				"${BUILT_PRODUCTS_DIR}/BeyovaJSON/BeyovaJSON.framework",
				"${BUILT_PRODUCTS_DIR}/CoreBitcoin/CoreBitcoin.framework",
				"${BUILT_PRODUCTS_DIR}/Down/Down.framework",
				"${BUILT_PRODUCTS_DIR}/IQKeyboardManagerSwift/IQKeyboardManagerSwift.framework",
				"${BUILT_PRODUCTS_DIR}/ISO8601DateFormatter/ISO8601DateFormatter.framework",
				"${BUILT_PRODUCTS_DIR}/LayoutKit/LayoutKit.framework",
				"${BUILT_PRODUCTS_DIR}/Localize-Swift/Localize_Swift.framework",
				"${BUILT_PRODUCTS_DIR}/Locksmith/Locksmith.framework",
				"${BUILT_PRODUCTS_DIR}/PINCache/PINCache.framework",
				"${BUILT_PRODUCTS_DIR}/Starscream/Starscream.framework",
			);
			name = "[CP] Embed Pods Frameworks";
			outputPaths = (
				"${TARGET_BUILD_DIR}/${FRAMEWORKS_FOLDER_PATH}/BeyovaJSON.framework",
				"${TARGET_BUILD_DIR}/${FRAMEWORKS_FOLDER_PATH}/CoreBitcoin.framework",
				"${TARGET_BUILD_DIR}/${FRAMEWORKS_FOLDER_PATH}/Down.framework",
				"${TARGET_BUILD_DIR}/${FRAMEWORKS_FOLDER_PATH}/IQKeyboardManagerSwift.framework",
				"${TARGET_BUILD_DIR}/${FRAMEWORKS_FOLDER_PATH}/ISO8601DateFormatter.framework",
				"${TARGET_BUILD_DIR}/${FRAMEWORKS_FOLDER_PATH}/LayoutKit.framework",
				"${TARGET_BUILD_DIR}/${FRAMEWORKS_FOLDER_PATH}/Localize_Swift.framework",
				"${TARGET_BUILD_DIR}/${FRAMEWORKS_FOLDER_PATH}/Locksmith.framework",
				"${TARGET_BUILD_DIR}/${FRAMEWORKS_FOLDER_PATH}/PINCache.framework",
				"${TARGET_BUILD_DIR}/${FRAMEWORKS_FOLDER_PATH}/Starscream.framework",
			);
			runOnlyForDeploymentPostprocessing = 0;
			shellPath = /bin/sh;
			shellScript = "\"${SRCROOT}/Pods/Target Support Files/Pods-Golos/Pods-Golos-frameworks.sh\"\n";
			showEnvVarsInLog = 0;
		};
/* End PBXShellScriptBuildPhase section */

/* Begin PBXSourcesBuildPhase section */
		EC1DFB8720063C400080BC50 /* Sources */ = {
			isa = PBXSourcesBuildPhase;
			buildActionMask = 2147483647;
			files = (
				7D911D1D2035ED0200F19D3C /* PostsFeedManager.swift in Sources */,
				7D911D202035F0A600F19D3C /* PostModel.swift in Sources */,
				7D95CFAA203A53E500C1AE0A /* UserManager.swift in Sources */,
				EC9ABBE82018036E00AF8597 /* Device+Size.swift in Sources */,
				7D79C34A20346B5500794447 /* AnswerType.swift in Sources */,
				7DA06328203256D700B5630C /* PropertyStoring.swift in Sources */,
				EC24FF59200C30B800A0AE15 /* MainContainerViewController.swift in Sources */,
				EC24FF54200C080300A0AE15 /* Notifications.swift in Sources */,
				7D1783DD201FD9B600B75979 /* ArticlePostedInTableViewCell.swift in Sources */,
				EC9B2AE020154B62008335C8 /* PostsFeedPresenter.swift in Sources */,
				EC24FF5D200C30CF00A0AE15 /* MainContainerMediator.swift in Sources */,
				EC24FF20200BC69400A0AE15 /* LoginPresenter.swift in Sources */,
				7D79C341203467D500794447 /* AnswersFeedViewModel.swift in Sources */,
				7DF16A72201D6043000F5529 /* ProfileMediator.swift in Sources */,
				7D25B4BE201FABB2004A3400 /* ArticleTitleTableViewCell.swift in Sources */,
				EC24FF74200C43B500A0AE15 /* ProfilePresenter.swift in Sources */,
				B1E0CE11207A465900261EA7 /* Logger.swift in Sources */,
				7D7D564220367F8B003E06A6 /* PostParser.swift in Sources */,
				7DA0632A2032583F00B5630C /* PostsFeedViewController+ProfileFeedContainerItem.swift in Sources */,
				EC9B2AE220154DE9008335C8 /* PostsFeedViewModel.swift in Sources */,
				EC9ABBC62017D55800AF8597 /* ProfileHeaderView.swift in Sources */,
				7D25B4CA201FABD8004A3400 /* ArticleFooterTableViewCell.swift in Sources */,
				7D25B483201F479B004A3400 /* TagTokenButton.swift in Sources */,
				7DFE7C462046395B0057F144 /* ReplyRequestType.swift in Sources */,
				EC24FF5B200C30C500A0AE15 /* MainContainerPresenter.swift in Sources */,
				EC24FF79200C497800A0AE15 /* FeedViewController.swift in Sources */,
				EC07F4B12014404200560CF0 /* PostsFeedViewController.swift in Sources */,
				EC24FF22200BC69B00A0AE15 /* LoginType.swift in Sources */,
				ECB2C0D32008E55500AF1AF5 /* Colors.swift in Sources */,
				B18DB4532085DB8F00BA5D50 /* ErrorAPI.swift in Sources */,
				B199DF92207F48870022C5FA /* GolosBlockchainManager.swift in Sources */,
				ECF2808C200A9A210000D949 /* UIButton+Intro.swift in Sources */,
				ECA8E3512018A626003B8ABA /* ProfileInfoView.swift in Sources */,
				EC24FF2B200BFAA100A0AE15 /* Validator.swift in Sources */,
				7DFE7C4920464C1E0057F144 /* PostsManager.swift in Sources */,
				EC9ABBEA2018072600AF8597 /* GSTableView.swift in Sources */,
				ECF31727200A9E0B00F7B703 /* Utils.swift in Sources */,
				EC9ABBBF20179CEF00AF8597 /* Images.swift in Sources */,
				EC07F4AA20141F0C00560CF0 /* FeedPresenter.swift in Sources */,
				B18DB455208619A000BA5D50 /* DisplayedPost.swift in Sources */,
				7DFE7C4B20464C680057F144 /* PostRequestType.swift in Sources */,
				EC07F4A22014093E00560CF0 /* HorizontalSelectorView.swift in Sources */,
				EC07F4A820141F0200560CF0 /* FeedMediator.swift in Sources */,
				7D95CFA6203A119B00C1AE0A /* GSImageLoadOperation.swift in Sources */,
				7DA063242032517D00B5630C /* ProfileFeedContainerItem.swift in Sources */,
				7DA063222032513A00B5630C /* ProfileFeedContainerController.swift in Sources */,
				7D25B4C6201FABCB004A3400 /* ArticleTextTableViewCell.swift in Sources */,
				EC9B2AE920155B9C008335C8 /* PostsFeedMediator.swift in Sources */,
				7D25B4C2201FABBD004A3400 /* ArticleImageTableViewCell.swift in Sources */,
				EC24FF28200BEBE600A0AE15 /* ViewProtocol.swift in Sources */,
				7DE3531B2048CA3400C04CB2 /* LoginHelpViewController.swift in Sources */,
				7DCF74A720200AA700D46495 /* ArticleCommentTableViewCell.swift in Sources */,
				7D911D1A2035DE5D00F19D3C /* String+Dictionary.swift in Sources */,
				7D95CFA5203A119B00C1AE0A /* GSImageLoader.swift in Sources */,
				EC9B2AE6201550F4008335C8 /* FeedArticleTableViewCell.swift in Sources */,
				7DA0632C203315A300B5630C /* PassthroughView.swift in Sources */,
				7DFE7C44204639390057F144 /* ReplyManager.swift in Sources */,
				EC24FF84200C635600A0AE15 /* DropDownMediator.swift in Sources */,
				7D95CFA7203A119B00C1AE0A /* GSOperation.swift in Sources */,
				B1D33FC22080E12600655759 /* ResponseAPI.swift in Sources */,
				EC24FF70200C433700A0AE15 /* ProfileViewController.swift in Sources */,
				EC24FF82200C625800A0AE15 /* DropDownViewController.swift in Sources */,
				ECA8E35A2018CA17003B8ABA /* ProfileHorizontalSelectorView.swift in Sources */,
				EC6FD59E200AD53100DCB824 /* ViewController+BackButton.swift in Sources */,
				7DCF74A2201FE1C700D46495 /* ArticleCommentsSectionHeader.swift in Sources */,
				7D79C33D203467B600794447 /* AnswersFeedPresenter.swift in Sources */,
				ECFF44E8200BC42F00DAF74C /* QRScannerViewControllerDelegate.swift in Sources */,
				7D911D242035F5C900F19D3C /* PostVoteModel.swift in Sources */,
				ECC15FA62009794E0099BBC9 /* Fonts.swift in Sources */,
				ECA8E35E2018D119003B8ABA /* UIView+Shadow.swift in Sources */,
				7D79C3482034686B00794447 /* ReusableCell.swift in Sources */,
				7D25B48F201F5E88004A3400 /* CollectionViewCenteredLayout.swift in Sources */,
				7D7D564420368028003E06A6 /* PostItem.swift in Sources */,
				EC9ABBC32017D17000AF8597 /* UIImageEffects.swift in Sources */,
				7D911D222035F5AA00F19D3C /* PostReplyModel.swift in Sources */,
				EC24FF52200C06E300A0AE15 /* StateMachine.swift in Sources */,
				EC6FD5A2200AE1A200DCB824 /* QRScannerViewController.swift in Sources */,
				7D25B47F201F4714004A3400 /* TagsView.swift in Sources */,
				EC24FF24200BC72F00A0AE15 /* LoginUIStrings.swift in Sources */,
				7D911D182035DDD300F19D3C /* WebSocketResponse.swift in Sources */,
				7D25B4B5201F9218004A3400 /* GSNavigationBar.swift in Sources */,
				EC5B2BFD201A443C007A4335 /* String+Size.swift in Sources */,
				ECF28087200A94550000D949 /* ViewController+Nib.swift in Sources */,
				7DFA6CB12036D76B00F59494 /* PostsFeedTextTableViewCell.swift in Sources */,
				EC1DFB8F20063C400080BC50 /* AppDelegate.swift in Sources */,
				7D79C34C20347DCE00794447 /* AnswersFeedViewController+ProfileFeedContainerItem.swift in Sources */,
				EC24FF6C200C400300A0AE15 /* GSTabBarController.swift in Sources */,
				7DFA6CAD2036D76000F59494 /* PostsFeedImageTableViewCell.swift in Sources */,
				7D911D142035CCAE00F19D3C /* WebSocketMethod.swift in Sources */,
				7D25B4B8201F980A004A3400 /* ArticleHeaderView.swift in Sources */,
				B199DF95207F49230022C5FA /* MethodAPI.swift in Sources */,
				7D79C33A2034675C00794447 /* AnswersFeedViewController.swift in Sources */,
				7D79C3452034685900794447 /* AnswersFeedTableViewCell.swift in Sources */,
				ECB2C0D52008E56300AF1AF5 /* Constants.swift in Sources */,
				EC24FF7D200C4DE300A0AE15 /* NavigationDropDownView.swift in Sources */,
				7D79C33F203467C000794447 /* AnswersFeedMediator.swift in Sources */,
				7D911D262035F6EA00F19D3C /* DisplayedUser.swift in Sources */,
				EC24FF50200C065F00A0AE15 /* AppState.swift in Sources */,
				EC07F4A620141E8D00560CF0 /* PostsFeedType.swift in Sources */,
				7DE353172048A84C00C04CB2 /* ProfileViewModel.swift in Sources */,
				ECF31725200A9D2800F7B703 /* UIAlertController+Window.swift in Sources */,
				7D25B48C201F5700004A3400 /* TagCollectionViewCell.swift in Sources */,
				ECC15FA3200976770099BBC9 /* IntroViewController.swift in Sources */,
				ECF3172A200AA0B200F7B703 /* IntroPresenter.swift in Sources */,
				7D25B4CD201FAE93004A3400 /* ArticleMediator.swift in Sources */,
				ECF3172E200AB22E00F7B703 /* LoginViewController.swift in Sources */,
				7D25B487201F4978004A3400 /* ArticleViewController.swift in Sources */,
				B199DF97207F8A420022C5FA /* RequestAPI.swift in Sources */,
				7D79C34F2034F29900794447 /* WebSocketManager.swift in Sources */,
			);
			runOnlyForDeploymentPostprocessing = 0;
		};
		EC24FF3D200C038D00A0AE15 /* Sources */ = {
			isa = PBXSourcesBuildPhase;
			buildActionMask = 2147483647;
			files = (
				EC24FF4D200C03E100A0AE15 /* ValidatorTests.swift in Sources */,
				EC24FF56200C0C1900A0AE15 /* StateMachineTests.swift in Sources */,
			);
			runOnlyForDeploymentPostprocessing = 0;
		};
/* End PBXSourcesBuildPhase section */

/* Begin PBXTargetDependency section */
		EC24FF47200C038D00A0AE15 /* PBXTargetDependency */ = {
			isa = PBXTargetDependency;
			target = EC1DFB8A20063C400080BC50 /* Golos */;
			targetProxy = EC24FF46200C038D00A0AE15 /* PBXContainerItemProxy */;
		};
/* End PBXTargetDependency section */

/* Begin PBXVariantGroup section */
		B18DB4502085D22A00BA5D50 /* Localizable.strings */ = {
			isa = PBXVariantGroup;
			children = (
				B18DB44F2085D22A00BA5D50 /* en */,
				B18DB4512085D22C00BA5D50 /* ru */,
			);
			name = Localizable.strings;
			sourceTree = "<group>";
		};
		EC1DFB9720063C400080BC50 /* LaunchScreen.storyboard */ = {
			isa = PBXVariantGroup;
			children = (
				EC1DFB9820063C400080BC50 /* Base */,
				B18DB44B2085D1DB00BA5D50 /* ru */,
			);
			name = LaunchScreen.storyboard;
			sourceTree = "<group>";
		};
/* End PBXVariantGroup section */

/* Begin XCBuildConfiguration section */
		EC1DFB9B20063C400080BC50 /* Debug */ = {
			isa = XCBuildConfiguration;
			buildSettings = {
				ALWAYS_SEARCH_USER_PATHS = NO;
				CLANG_ANALYZER_LOCALIZABILITY_NONLOCALIZED = YES;
				CLANG_ANALYZER_NONNULL = YES;
				CLANG_ANALYZER_NUMBER_OBJECT_CONVERSION = YES_AGGRESSIVE;
				CLANG_CXX_LANGUAGE_STANDARD = "gnu++14";
				CLANG_CXX_LIBRARY = "libc++";
				CLANG_ENABLE_MODULES = YES;
				CLANG_ENABLE_OBJC_ARC = YES;
				CLANG_WARN_BLOCK_CAPTURE_AUTORELEASING = YES;
				CLANG_WARN_BOOL_CONVERSION = YES;
				CLANG_WARN_COMMA = YES;
				CLANG_WARN_CONSTANT_CONVERSION = YES;
				CLANG_WARN_DEPRECATED_OBJC_IMPLEMENTATIONS = YES;
				CLANG_WARN_DIRECT_OBJC_ISA_USAGE = YES_ERROR;
				CLANG_WARN_DOCUMENTATION_COMMENTS = YES;
				CLANG_WARN_EMPTY_BODY = YES;
				CLANG_WARN_ENUM_CONVERSION = YES;
				CLANG_WARN_INFINITE_RECURSION = YES;
				CLANG_WARN_INT_CONVERSION = YES;
				CLANG_WARN_NON_LITERAL_NULL_CONVERSION = YES;
				CLANG_WARN_OBJC_IMPLICIT_RETAIN_SELF = YES;
				CLANG_WARN_OBJC_LITERAL_CONVERSION = YES;
				CLANG_WARN_OBJC_ROOT_CLASS = YES_ERROR;
				CLANG_WARN_RANGE_LOOP_ANALYSIS = YES;
				CLANG_WARN_STRICT_PROTOTYPES = YES;
				CLANG_WARN_SUSPICIOUS_MOVE = YES;
				CLANG_WARN_UNGUARDED_AVAILABILITY = YES_AGGRESSIVE;
				CLANG_WARN_UNREACHABLE_CODE = YES;
				CLANG_WARN__DUPLICATE_METHOD_MATCH = YES;
				CODE_SIGN_IDENTITY = "iPhone Developer";
				COPY_PHASE_STRIP = NO;
				DEBUG_INFORMATION_FORMAT = dwarf;
				ENABLE_STRICT_OBJC_MSGSEND = YES;
				ENABLE_TESTABILITY = YES;
				GCC_C_LANGUAGE_STANDARD = gnu11;
				GCC_DYNAMIC_NO_PIC = NO;
				GCC_NO_COMMON_BLOCKS = YES;
				GCC_OPTIMIZATION_LEVEL = 0;
				GCC_PREPROCESSOR_DEFINITIONS = (
					"DEBUG=1",
					"$(inherited)",
				);
				GCC_WARN_64_TO_32_BIT_CONVERSION = YES;
				GCC_WARN_ABOUT_RETURN_TYPE = YES_ERROR;
				GCC_WARN_UNDECLARED_SELECTOR = YES;
				GCC_WARN_UNINITIALIZED_AUTOS = YES_AGGRESSIVE;
				GCC_WARN_UNUSED_FUNCTION = YES;
				GCC_WARN_UNUSED_VARIABLE = YES;
				IPHONEOS_DEPLOYMENT_TARGET = 10.0;
				MTL_ENABLE_DEBUG_INFO = YES;
				ONLY_ACTIVE_ARCH = YES;
				SDKROOT = iphoneos;
				SWIFT_ACTIVE_COMPILATION_CONDITIONS = DEBUG;
				SWIFT_OPTIMIZATION_LEVEL = "-Onone";
			};
			name = Debug;
		};
		EC1DFB9C20063C400080BC50 /* Release */ = {
			isa = XCBuildConfiguration;
			buildSettings = {
				ALWAYS_SEARCH_USER_PATHS = NO;
				CLANG_ANALYZER_LOCALIZABILITY_NONLOCALIZED = YES;
				CLANG_ANALYZER_NONNULL = YES;
				CLANG_ANALYZER_NUMBER_OBJECT_CONVERSION = YES_AGGRESSIVE;
				CLANG_CXX_LANGUAGE_STANDARD = "gnu++14";
				CLANG_CXX_LIBRARY = "libc++";
				CLANG_ENABLE_MODULES = YES;
				CLANG_ENABLE_OBJC_ARC = YES;
				CLANG_WARN_BLOCK_CAPTURE_AUTORELEASING = YES;
				CLANG_WARN_BOOL_CONVERSION = YES;
				CLANG_WARN_COMMA = YES;
				CLANG_WARN_CONSTANT_CONVERSION = YES;
				CLANG_WARN_DEPRECATED_OBJC_IMPLEMENTATIONS = YES;
				CLANG_WARN_DIRECT_OBJC_ISA_USAGE = YES_ERROR;
				CLANG_WARN_DOCUMENTATION_COMMENTS = YES;
				CLANG_WARN_EMPTY_BODY = YES;
				CLANG_WARN_ENUM_CONVERSION = YES;
				CLANG_WARN_INFINITE_RECURSION = YES;
				CLANG_WARN_INT_CONVERSION = YES;
				CLANG_WARN_NON_LITERAL_NULL_CONVERSION = YES;
				CLANG_WARN_OBJC_IMPLICIT_RETAIN_SELF = YES;
				CLANG_WARN_OBJC_LITERAL_CONVERSION = YES;
				CLANG_WARN_OBJC_ROOT_CLASS = YES_ERROR;
				CLANG_WARN_RANGE_LOOP_ANALYSIS = YES;
				CLANG_WARN_STRICT_PROTOTYPES = YES;
				CLANG_WARN_SUSPICIOUS_MOVE = YES;
				CLANG_WARN_UNGUARDED_AVAILABILITY = YES_AGGRESSIVE;
				CLANG_WARN_UNREACHABLE_CODE = YES;
				CLANG_WARN__DUPLICATE_METHOD_MATCH = YES;
				CODE_SIGN_IDENTITY = "iPhone Developer";
				COPY_PHASE_STRIP = NO;
				DEBUG_INFORMATION_FORMAT = "dwarf-with-dsym";
				ENABLE_NS_ASSERTIONS = NO;
				ENABLE_STRICT_OBJC_MSGSEND = YES;
				GCC_C_LANGUAGE_STANDARD = gnu11;
				GCC_NO_COMMON_BLOCKS = YES;
				GCC_WARN_64_TO_32_BIT_CONVERSION = YES;
				GCC_WARN_ABOUT_RETURN_TYPE = YES_ERROR;
				GCC_WARN_UNDECLARED_SELECTOR = YES;
				GCC_WARN_UNINITIALIZED_AUTOS = YES_AGGRESSIVE;
				GCC_WARN_UNUSED_FUNCTION = YES;
				GCC_WARN_UNUSED_VARIABLE = YES;
				IPHONEOS_DEPLOYMENT_TARGET = 10.0;
				MTL_ENABLE_DEBUG_INFO = NO;
				SDKROOT = iphoneos;
				SWIFT_OPTIMIZATION_LEVEL = "-Owholemodule";
				VALIDATE_PRODUCT = YES;
			};
			name = Release;
		};
		EC1DFB9E20063C400080BC50 /* Debug */ = {
			isa = XCBuildConfiguration;
			baseConfigurationReference = 974FDF6AE6B94E5A2BFC2FDE /* Pods-Golos.debug.xcconfig */;
			buildSettings = {
				ASSETCATALOG_COMPILER_APPICON_NAME = AppIcon;
				CLANG_ENABLE_MODULES = YES;
				CODE_SIGN_IDENTITY = "iPhone Developer";
				CODE_SIGN_STYLE = Automatic;
				DEBUG_INFORMATION_FORMAT = "dwarf-with-dsym";
				DEVELOPMENT_TEAM = 29QBR47DMW;
				FRAMEWORK_SEARCH_PATHS = "$(inherited)";
				INFOPLIST_FILE = "golos-ios/Info.plist";
				IPHONEOS_DEPLOYMENT_TARGET = 10.0;
				LD_RUNPATH_SEARCH_PATHS = "$(inherited) @executable_path/Frameworks";
				LIBRARY_SEARCH_PATHS = "$(inherited)";
				PRODUCT_BUNDLE_IDENTIFIER = "io.golos.testing.golos-ios";
				PRODUCT_NAME = "$(TARGET_NAME)";
				PROVISIONING_PROFILE_SPECIFIER = "";
				SWIFT_OBJC_BRIDGING_HEADER = "golos-ios/Golos-Bridging-Header.h";
				SWIFT_OPTIMIZATION_LEVEL = "-Onone";
				SWIFT_VERSION = 4.0;
				TARGETED_DEVICE_FAMILY = 1;
				WEBSOCKET_URL = "wss://ws.golos.io";
			};
			name = Debug;
		};
		EC1DFB9F20063C400080BC50 /* Release */ = {
			isa = XCBuildConfiguration;
			baseConfigurationReference = F860D859C40BCA60C8DE58EE /* Pods-Golos.release.xcconfig */;
			buildSettings = {
				ASSETCATALOG_COMPILER_APPICON_NAME = AppIcon;
				CLANG_ENABLE_MODULES = YES;
				CODE_SIGN_IDENTITY = "iPhone Developer";
				CODE_SIGN_STYLE = Automatic;
				DEVELOPMENT_TEAM = 29QBR47DMW;
				FRAMEWORK_SEARCH_PATHS = "$(inherited)";
				INFOPLIST_FILE = "golos-ios/Info.plist";
				IPHONEOS_DEPLOYMENT_TARGET = 10.0;
				LD_RUNPATH_SEARCH_PATHS = "$(inherited) @executable_path/Frameworks";
				LIBRARY_SEARCH_PATHS = "$(inherited)";
				PRODUCT_BUNDLE_IDENTIFIER = "io.golos.testing.golos-ios";
				PRODUCT_NAME = "$(TARGET_NAME)";
				PROVISIONING_PROFILE = "";
				PROVISIONING_PROFILE_SPECIFIER = "";
				SWIFT_OBJC_BRIDGING_HEADER = "golos-ios/Golos-Bridging-Header.h";
				SWIFT_VERSION = 4.0;
				TARGETED_DEVICE_FAMILY = 1;
				WEBSOCKET_URL = "wss://ws.golos.io";
			};
			name = Release;
		};
		EC24FF49200C038D00A0AE15 /* Debug */ = {
			isa = XCBuildConfiguration;
			buildSettings = {
				BUNDLE_LOADER = "$(TEST_HOST)";
				CLANG_ENABLE_MODULES = YES;
				CODE_SIGN_STYLE = Automatic;
				DEBUG_INFORMATION_FORMAT = "dwarf-with-dsym";
				DEVELOPMENT_TEAM = 29QBR47DMW;
				INFOPLIST_FILE = GolosTests/Info.plist;
				LD_RUNPATH_SEARCH_PATHS = "$(inherited) @executable_path/Frameworks @loader_path/Frameworks";
				PRODUCT_BUNDLE_IDENTIFIER = io.golos.GolosTests;
				PRODUCT_NAME = "$(TARGET_NAME)";
				SWIFT_OPTIMIZATION_LEVEL = "-Onone";
				SWIFT_VERSION = 4.0;
				TARGETED_DEVICE_FAMILY = "1,2";
				TEST_HOST = "$(BUILT_PRODUCTS_DIR)/Golos.app/Golos";
			};
			name = Debug;
		};
		EC24FF4A200C038D00A0AE15 /* Release */ = {
			isa = XCBuildConfiguration;
			buildSettings = {
				BUNDLE_LOADER = "$(TEST_HOST)";
				CLANG_ENABLE_MODULES = YES;
				CODE_SIGN_STYLE = Automatic;
				DEVELOPMENT_TEAM = 29QBR47DMW;
				INFOPLIST_FILE = GolosTests/Info.plist;
				LD_RUNPATH_SEARCH_PATHS = "$(inherited) @executable_path/Frameworks @loader_path/Frameworks";
				PRODUCT_BUNDLE_IDENTIFIER = io.golos.GolosTests;
				PRODUCT_NAME = "$(TARGET_NAME)";
				SWIFT_VERSION = 4.0;
				TARGETED_DEVICE_FAMILY = "1,2";
				TEST_HOST = "$(BUILT_PRODUCTS_DIR)/Golos.app/Golos";
			};
			name = Release;
		};
/* End XCBuildConfiguration section */

/* Begin XCConfigurationList section */
		EC1DFB8620063C400080BC50 /* Build configuration list for PBXProject "golos-ios" */ = {
			isa = XCConfigurationList;
			buildConfigurations = (
				EC1DFB9B20063C400080BC50 /* Debug */,
				EC1DFB9C20063C400080BC50 /* Release */,
			);
			defaultConfigurationIsVisible = 0;
			defaultConfigurationName = Release;
		};
		EC1DFB9D20063C400080BC50 /* Build configuration list for PBXNativeTarget "Golos" */ = {
			isa = XCConfigurationList;
			buildConfigurations = (
				EC1DFB9E20063C400080BC50 /* Debug */,
				EC1DFB9F20063C400080BC50 /* Release */,
			);
			defaultConfigurationIsVisible = 0;
			defaultConfigurationName = Release;
		};
		EC24FF48200C038D00A0AE15 /* Build configuration list for PBXNativeTarget "GolosTests" */ = {
			isa = XCConfigurationList;
			buildConfigurations = (
				EC24FF49200C038D00A0AE15 /* Debug */,
				EC24FF4A200C038D00A0AE15 /* Release */,
			);
			defaultConfigurationIsVisible = 0;
			defaultConfigurationName = Release;
		};
/* End XCConfigurationList section */
	};
	rootObject = EC1DFB8320063C400080BC50 /* Project object */;
}
